
Microsoft Visual Studio Solution File, Format Version 12.00
# Visual Studio 2012
Project("{8BC9CEB8-8B4A-11D0-8D11-00A0C91BC942}") = "gallery", "gallery\gallery.vcxproj", "{98A31BD0-3FC3-4853-8448-925FE61B4BD1}"
	ProjectSection(ProjectDependencies) = postProject
		{53D3361B-51D2-4F41-BF13-2A27CB061EEB} = {53D3361B-51D2-4F41-BF13-2A27CB061EEB}
		{48C94B27-4ABD-4011-86A0-EDCAC724C506} = {48C94B27-4ABD-4011-86A0-EDCAC724C506}
		{B0B26364-78FE-4685-AA71-403BD9F57DFA} = {B0B26364-78FE-4685-AA71-403BD9F57DFA}
		{2E89D76D-FE22-4AE0-9AA0-81BB268D472A} = {2E89D76D-FE22-4AE0-9AA0-81BB268D472A}
		{FEB2AD73-A264-450A-97A3-E1810A14E08B} = {FEB2AD73-A264-450A-97A3-E1810A14E08B}
		{EB3B9576-A5E3-41BE-99A3-0715F26C5606} = {EB3B9576-A5E3-41BE-99A3-0715F26C5606}
		{2468767E-A143-4D7A-82A0-5346A5B1FC14} = {2468767E-A143-4D7A-82A0-5346A5B1FC14}
		{9012748D-9A90-4205-A0E9-AB7213CF33BD} = {9012748D-9A90-4205-A0E9-AB7213CF33BD}
		{29148696-DFFE-47F1-9A04-C277A6B1D042} = {29148696-DFFE-47F1-9A04-C277A6B1D042}
		{3423EC9A-52E4-4A4D-9753-EDEBC38785EF} = {3423EC9A-52E4-4A4D-9753-EDEBC38785EF}
		{988071AA-3875-4CFE-8A08-A31953B820B3} = {988071AA-3875-4CFE-8A08-A31953B820B3}
		{97B16AB4-F6EA-4AFF-A264-D32A5936687F} = {97B16AB4-F6EA-4AFF-A264-D32A5936687F}
		{C4DA45C3-1159-4919-B032-11E0C6AE001D} = {C4DA45C3-1159-4919-B032-11E0C6AE001D}
		{3AF87DC8-5B44-46D3-B0A0-A0DFA68DC50A} = {3AF87DC8-5B44-46D3-B0A0-A0DFA68DC50A}
		{8EBD82E0-AD73-40F0-ACC1-80EC3371FFB1} = {8EBD82E0-AD73-40F0-ACC1-80EC3371FFB1}
		{19766FE5-A271-4BE4-A06B-27F455BC96D8} = {19766FE5-A271-4BE4-A06B-27F455BC96D8}
		{575C06FE-C2E0-4645-8F05-38E7D139D743} = {575C06FE-C2E0-4645-8F05-38E7D139D743}
	EndProjectSection
EndProject
Project("{8BC9CEB8-8B4A-11D0-8D11-00A0C91BC942}") = "cryptlib", "ext\cryptopp\cryptlib.vcxproj", "{3423EC9A-52E4-4A4D-9753-EDEBC38785EF}"
EndProject
Project("{8BC9CEB8-8B4A-11D0-8D11-00A0C91BC942}") = "zlib", "ext\zlib\zlib.vcxproj", "{FEB2AD73-A264-450A-97A3-E1810A14E08B}"
EndProject
Project("{8BC9CEB8-8B4A-11D0-8D11-00A0C91BC942}") = "libjpeg", "ext\libjpeg\libjpeg.vcxproj", "{B0B26364-78FE-4685-AA71-403BD9F57DFA}"
EndProject
Project("{8BC9CEB8-8B4A-11D0-8D11-00A0C91BC942}") = "tbb", "ext\tbb\tbb.vcxproj", "{575C06FE-C2E0-4645-8F05-38E7D139D743}"
EndProject
Project("{8BC9CEB8-8B4A-11D0-8D11-00A0C91BC942}") = "ctemplate", "ext\ctemplate\ctemplate.vcxproj", "{53D3361B-51D2-4F41-BF13-2A27CB061EEB}"
EndProject
Project("{8BC9CEB8-8B4A-11D0-8D11-00A0C91BC942}") = "yassl", "ext\mysql\yassl\yassl.vcxproj", "{9012748D-9A90-4205-A0E9-AB7213CF33BD}"
EndProject
Project("{8BC9CEB8-8B4A-11D0-8D11-00A0C91BC942}") = "taocrypt", "ext\mysql\taocrypt\taocrypt.vcxproj", "{EB3B9576-A5E3-41BE-99A3-0715F26C5606}"
EndProject
Project("{8BC9CEB8-8B4A-11D0-8D11-00A0C91BC942}") = "vio", "ext\mysql\vio\vio.vcxproj", "{19766FE5-A271-4BE4-A06B-27F455BC96D8}"
EndProject
Project("{8BC9CEB8-8B4A-11D0-8D11-00A0C91BC942}") = "strings", "ext\mysql\strings\strings.vcxproj", "{C4DA45C3-1159-4919-B032-11E0C6AE001D}"
EndProject
Project("{8BC9CEB8-8B4A-11D0-8D11-00A0C91BC942}") = "regex", "ext\mysql\regex\regex.vcxproj", "{97B16AB4-F6EA-4AFF-A264-D32A5936687F}"
EndProject
Project("{8BC9CEB8-8B4A-11D0-8D11-00A0C91BC942}") = "mysys", "ext\mysql\mysys\mysys.vcxproj", "{3AF87DC8-5B44-46D3-B0A0-A0DFA68DC50A}"
EndProject
Project("{8BC9CEB8-8B4A-11D0-8D11-00A0C91BC942}") = "mysys_ssl", "ext\mysql\mysys_ssl\mysys_ssl.vcxproj", "{2E89D76D-FE22-4AE0-9AA0-81BB268D472A}"
EndProject
Project("{8BC9CEB8-8B4A-11D0-8D11-00A0C91BC942}") = "dbug", "ext\mysql\dbug\dbug.vcxproj", "{48C94B27-4ABD-4011-86A0-EDCAC724C506}"
EndProject
Project("{8BC9CEB8-8B4A-11D0-8D11-00A0C91BC942}") = "clientlib", "ext\mysql\libmysql\clientlib.vcxproj", "{8EBD82E0-AD73-40F0-ACC1-80EC3371FFB1}"
EndProject
Project("{8BC9CEB8-8B4A-11D0-8D11-00A0C91BC942}") = "auth_win_client", "ext\mysql\authentication_win\auth_win_client.vcxproj", "{24B6B0BE-1820-4F51-87D6-DF829DB976B7}"
EndProject
Project("{8BC9CEB8-8B4A-11D0-8D11-00A0C91BC942}") = "mysql_dist", "ext\mysql\mysql.vcxproj", "{D41C7740-F659-4020-9B7B-DA7FC80E2CBF}"
EndProject
Project("{8BC9CEB8-8B4A-11D0-8D11-00A0C91BC942}") = "lpng", "ext\lpng\lpng.vcxproj", "{29148696-DFFE-47F1-9A04-C277A6B1D042}"
EndProject
Project("{8BC9CEB8-8B4A-11D0-8D11-00A0C91BC942}") = "opencv", "ext\opencv\opencv.vcxproj", "{988071AA-3875-4CFE-8A08-A31953B820B3}"
EndProject
Project("{8BC9CEB8-8B4A-11D0-8D11-00A0C91BC942}") = "luajit", "ext\luajit\luajit.vcxproj", "{2468767E-A143-4D7A-82A0-5346A5B1FC14}"
	ProjectSection(ProjectDependencies) = postProject
		{B5A8E683-34EB-4D1E-A07C-280B79669BA6} = {B5A8E683-34EB-4D1E-A07C-280B79669BA6}
		{BCEB2DE5-346C-4E4A-9816-E8BDCA3079E8} = {BCEB2DE5-346C-4E4A-9816-E8BDCA3079E8}
	EndProjectSection
EndProject
Project("{8BC9CEB8-8B4A-11D0-8D11-00A0C91BC942}") = "buildvm", "ext\luajit\buildvm.vcxproj", "{B5A8E683-34EB-4D1E-A07C-280B79669BA6}"
	ProjectSection(ProjectDependencies) = postProject
		{BCEB2DE5-346C-4E4A-9816-E8BDCA3079E8} = {BCEB2DE5-346C-4E4A-9816-E8BDCA3079E8}
	EndProjectSection
EndProject
Project("{8BC9CEB8-8B4A-11D0-8D11-00A0C91BC942}") = "minilua", "ext\luajit\minilua.vcxproj", "{BCEB2DE5-346C-4E4A-9816-E8BDCA3079E8}"
EndProject
Project("{8BC9CEB8-8B4A-11D0-8D11-00A0C91BC942}") = "nginx", "ext\nginx\nginx.vcxproj", "{20675957-CE52-44AE-99A9-F7056463B0C8}"
EndProject
Global
	GlobalSection(SolutionConfigurationPlatforms) = preSolution
		Debug|Win32 = Debug|Win32
		Debug|x64 = Debug|x64
		LinuxDebug|Win32 = LinuxDebug|Win32
		LinuxDebug|x64 = LinuxDebug|x64
		LinuxRelease|Win32 = LinuxRelease|Win32
		LinuxRelease|x64 = LinuxRelease|x64
		Release|Win32 = Release|Win32
		Release|x64 = Release|x64
	EndGlobalSection
	GlobalSection(ProjectConfigurationPlatforms) = postSolution
		{98A31BD0-3FC3-4853-8448-925FE61B4BD1}.Debug|Win32.ActiveCfg = Debug|Win32
		{98A31BD0-3FC3-4853-8448-925FE61B4BD1}.Debug|Win32.Build.0 = Debug|Win32
		{98A31BD0-3FC3-4853-8448-925FE61B4BD1}.Debug|x64.ActiveCfg = Debug|x64
		{98A31BD0-3FC3-4853-8448-925FE61B4BD1}.Debug|x64.Build.0 = Debug|x64
		{98A31BD0-3FC3-4853-8448-925FE61B4BD1}.LinuxDebug|Win32.ActiveCfg = LinuxDebug|Win32
		{98A31BD0-3FC3-4853-8448-925FE61B4BD1}.LinuxDebug|Win32.Build.0 = LinuxDebug|Win32
		{98A31BD0-3FC3-4853-8448-925FE61B4BD1}.LinuxDebug|x64.ActiveCfg = LinuxDebug|Win32
		{98A31BD0-3FC3-4853-8448-925FE61B4BD1}.LinuxDebug|x64.Build.0 = LinuxDebug|Win32
		{98A31BD0-3FC3-4853-8448-925FE61B4BD1}.LinuxRelease|Win32.ActiveCfg = LinuxRelease|Win32
		{98A31BD0-3FC3-4853-8448-925FE61B4BD1}.LinuxRelease|Win32.Build.0 = LinuxRelease|Win32
		{98A31BD0-3FC3-4853-8448-925FE61B4BD1}.LinuxRelease|x64.ActiveCfg = LinuxRelease|Win32
		{98A31BD0-3FC3-4853-8448-925FE61B4BD1}.LinuxRelease|x64.Build.0 = LinuxRelease|Win32
		{98A31BD0-3FC3-4853-8448-925FE61B4BD1}.Release|Win32.ActiveCfg = Release|Win32
		{98A31BD0-3FC3-4853-8448-925FE61B4BD1}.Release|Win32.Build.0 = Release|Win32
		{98A31BD0-3FC3-4853-8448-925FE61B4BD1}.Release|x64.ActiveCfg = Release|x64
		{98A31BD0-3FC3-4853-8448-925FE61B4BD1}.Release|x64.Build.0 = Release|x64
		{3423EC9A-52E4-4A4D-9753-EDEBC38785EF}.Debug|Win32.ActiveCfg = Debug|Win32
		{3423EC9A-52E4-4A4D-9753-EDEBC38785EF}.Debug|Win32.Build.0 = Debug|Win32
		{3423EC9A-52E4-4A4D-9753-EDEBC38785EF}.Debug|x64.ActiveCfg = Debug|x64
		{3423EC9A-52E4-4A4D-9753-EDEBC38785EF}.Debug|x64.Build.0 = Debug|x64
		{3423EC9A-52E4-4A4D-9753-EDEBC38785EF}.LinuxDebug|Win32.ActiveCfg = LinuxDebug|Win32
		{3423EC9A-52E4-4A4D-9753-EDEBC38785EF}.LinuxDebug|Win32.Build.0 = LinuxDebug|Win32
		{3423EC9A-52E4-4A4D-9753-EDEBC38785EF}.LinuxDebug|x64.ActiveCfg = LinuxDebug|Win32
		{3423EC9A-52E4-4A4D-9753-EDEBC38785EF}.LinuxDebug|x64.Build.0 = LinuxDebug|Win32
		{3423EC9A-52E4-4A4D-9753-EDEBC38785EF}.LinuxRelease|Win32.ActiveCfg = LinuxRelease|Win32
		{3423EC9A-52E4-4A4D-9753-EDEBC38785EF}.LinuxRelease|Win32.Build.0 = LinuxRelease|Win32
		{3423EC9A-52E4-4A4D-9753-EDEBC38785EF}.LinuxRelease|x64.ActiveCfg = LinuxRelease|Win32
		{3423EC9A-52E4-4A4D-9753-EDEBC38785EF}.LinuxRelease|x64.Build.0 = LinuxRelease|Win32
		{3423EC9A-52E4-4A4D-9753-EDEBC38785EF}.Release|Win32.ActiveCfg = Release|Win32
		{3423EC9A-52E4-4A4D-9753-EDEBC38785EF}.Release|Win32.Build.0 = Release|Win32
		{3423EC9A-52E4-4A4D-9753-EDEBC38785EF}.Release|x64.ActiveCfg = Release|x64
		{3423EC9A-52E4-4A4D-9753-EDEBC38785EF}.Release|x64.Build.0 = Release|x64
		{FEB2AD73-A264-450A-97A3-E1810A14E08B}.Debug|Win32.ActiveCfg = Debug|Win32
		{FEB2AD73-A264-450A-97A3-E1810A14E08B}.Debug|Win32.Build.0 = Debug|Win32
		{FEB2AD73-A264-450A-97A3-E1810A14E08B}.Debug|x64.ActiveCfg = Debug|x64
		{FEB2AD73-A264-450A-97A3-E1810A14E08B}.Debug|x64.Build.0 = Debug|x64
		{FEB2AD73-A264-450A-97A3-E1810A14E08B}.LinuxDebug|Win32.ActiveCfg = LinuxDebug|Win32
		{FEB2AD73-A264-450A-97A3-E1810A14E08B}.LinuxDebug|Win32.Build.0 = LinuxDebug|Win32
		{FEB2AD73-A264-450A-97A3-E1810A14E08B}.LinuxDebug|x64.ActiveCfg = LinuxDebug|Win32
		{FEB2AD73-A264-450A-97A3-E1810A14E08B}.LinuxDebug|x64.Build.0 = LinuxDebug|Win32
		{FEB2AD73-A264-450A-97A3-E1810A14E08B}.LinuxRelease|Win32.ActiveCfg = LinuxRelease|Win32
		{FEB2AD73-A264-450A-97A3-E1810A14E08B}.LinuxRelease|Win32.Build.0 = LinuxRelease|Win32
		{FEB2AD73-A264-450A-97A3-E1810A14E08B}.LinuxRelease|x64.ActiveCfg = LinuxRelease|Win32
		{FEB2AD73-A264-450A-97A3-E1810A14E08B}.LinuxRelease|x64.Build.0 = LinuxRelease|Win32
		{FEB2AD73-A264-450A-97A3-E1810A14E08B}.Release|Win32.ActiveCfg = Release|Win32
		{FEB2AD73-A264-450A-97A3-E1810A14E08B}.Release|Win32.Build.0 = Release|Win32
		{FEB2AD73-A264-450A-97A3-E1810A14E08B}.Release|x64.ActiveCfg = Release|x64
		{FEB2AD73-A264-450A-97A3-E1810A14E08B}.Release|x64.Build.0 = Release|x64
		{B0B26364-78FE-4685-AA71-403BD9F57DFA}.Debug|Win32.ActiveCfg = Debug|Win32
		{B0B26364-78FE-4685-AA71-403BD9F57DFA}.Debug|Win32.Build.0 = Debug|Win32
		{B0B26364-78FE-4685-AA71-403BD9F57DFA}.Debug|x64.ActiveCfg = Debug|x64
		{B0B26364-78FE-4685-AA71-403BD9F57DFA}.Debug|x64.Build.0 = Debug|x64
		{B0B26364-78FE-4685-AA71-403BD9F57DFA}.LinuxDebug|Win32.ActiveCfg = LinuxDebug|Win32
		{B0B26364-78FE-4685-AA71-403BD9F57DFA}.LinuxDebug|Win32.Build.0 = LinuxDebug|Win32
		{B0B26364-78FE-4685-AA71-403BD9F57DFA}.LinuxDebug|x64.ActiveCfg = LinuxDebug|Win32
		{B0B26364-78FE-4685-AA71-403BD9F57DFA}.LinuxDebug|x64.Build.0 = LinuxDebug|Win32
		{B0B26364-78FE-4685-AA71-403BD9F57DFA}.LinuxRelease|Win32.ActiveCfg = LinuxRelease|Win32
		{B0B26364-78FE-4685-AA71-403BD9F57DFA}.LinuxRelease|Win32.Build.0 = LinuxRelease|Win32
		{B0B26364-78FE-4685-AA71-403BD9F57DFA}.LinuxRelease|x64.ActiveCfg = LinuxRelease|Win32
		{B0B26364-78FE-4685-AA71-403BD9F57DFA}.LinuxRelease|x64.Build.0 = LinuxRelease|Win32
		{B0B26364-78FE-4685-AA71-403BD9F57DFA}.Release|Win32.ActiveCfg = Release|Win32
		{B0B26364-78FE-4685-AA71-403BD9F57DFA}.Release|Win32.Build.0 = Release|Win32
		{B0B26364-78FE-4685-AA71-403BD9F57DFA}.Release|x64.ActiveCfg = Release|x64
		{B0B26364-78FE-4685-AA71-403BD9F57DFA}.Release|x64.Build.0 = Release|x64
		{575C06FE-C2E0-4645-8F05-38E7D139D743}.Debug|Win32.ActiveCfg = Debug|Win32
		{575C06FE-C2E0-4645-8F05-38E7D139D743}.Debug|Win32.Build.0 = Debug|Win32
		{575C06FE-C2E0-4645-8F05-38E7D139D743}.Debug|x64.ActiveCfg = Debug|x64
		{575C06FE-C2E0-4645-8F05-38E7D139D743}.Debug|x64.Build.0 = Debug|x64
		{575C06FE-C2E0-4645-8F05-38E7D139D743}.LinuxDebug|Win32.ActiveCfg = LinuxDebug|Win32
		{575C06FE-C2E0-4645-8F05-38E7D139D743}.LinuxDebug|Win32.Build.0 = LinuxDebug|Win32
		{575C06FE-C2E0-4645-8F05-38E7D139D743}.LinuxDebug|x64.ActiveCfg = LinuxDebug|Win32
		{575C06FE-C2E0-4645-8F05-38E7D139D743}.LinuxDebug|x64.Build.0 = LinuxDebug|Win32
		{575C06FE-C2E0-4645-8F05-38E7D139D743}.LinuxRelease|Win32.ActiveCfg = LinuxRelease|Win32
		{575C06FE-C2E0-4645-8F05-38E7D139D743}.LinuxRelease|Win32.Build.0 = LinuxRelease|Win32
		{575C06FE-C2E0-4645-8F05-38E7D139D743}.LinuxRelease|x64.ActiveCfg = LinuxRelease|Win32
		{575C06FE-C2E0-4645-8F05-38E7D139D743}.LinuxRelease|x64.Build.0 = LinuxRelease|Win32
		{575C06FE-C2E0-4645-8F05-38E7D139D743}.Release|Win32.ActiveCfg = Release|Win32
		{575C06FE-C2E0-4645-8F05-38E7D139D743}.Release|Win32.Build.0 = Release|Win32
		{575C06FE-C2E0-4645-8F05-38E7D139D743}.Release|x64.ActiveCfg = Release|x64
		{575C06FE-C2E0-4645-8F05-38E7D139D743}.Release|x64.Build.0 = Release|x64
		{53D3361B-51D2-4F41-BF13-2A27CB061EEB}.Debug|Win32.ActiveCfg = Debug|Win32
		{53D3361B-51D2-4F41-BF13-2A27CB061EEB}.Debug|Win32.Build.0 = Debug|Win32
		{53D3361B-51D2-4F41-BF13-2A27CB061EEB}.Debug|x64.ActiveCfg = Debug|x64
		{53D3361B-51D2-4F41-BF13-2A27CB061EEB}.Debug|x64.Build.0 = Debug|x64
		{53D3361B-51D2-4F41-BF13-2A27CB061EEB}.LinuxDebug|Win32.ActiveCfg = LinuxDebug|Win32
		{53D3361B-51D2-4F41-BF13-2A27CB061EEB}.LinuxDebug|Win32.Build.0 = LinuxDebug|Win32
		{53D3361B-51D2-4F41-BF13-2A27CB061EEB}.LinuxDebug|x64.ActiveCfg = LinuxDebug|Win32
		{53D3361B-51D2-4F41-BF13-2A27CB061EEB}.LinuxDebug|x64.Build.0 = LinuxDebug|Win32
		{53D3361B-51D2-4F41-BF13-2A27CB061EEB}.LinuxRelease|Win32.ActiveCfg = LinuxRelease|Win32
		{53D3361B-51D2-4F41-BF13-2A27CB061EEB}.LinuxRelease|Win32.Build.0 = LinuxRelease|Win32
		{53D3361B-51D2-4F41-BF13-2A27CB061EEB}.LinuxRelease|x64.ActiveCfg = LinuxRelease|Win32
		{53D3361B-51D2-4F41-BF13-2A27CB061EEB}.LinuxRelease|x64.Build.0 = LinuxRelease|Win32
		{53D3361B-51D2-4F41-BF13-2A27CB061EEB}.Release|Win32.ActiveCfg = Release|Win32
		{53D3361B-51D2-4F41-BF13-2A27CB061EEB}.Release|Win32.Build.0 = Release|Win32
		{53D3361B-51D2-4F41-BF13-2A27CB061EEB}.Release|x64.ActiveCfg = Release|x64
		{53D3361B-51D2-4F41-BF13-2A27CB061EEB}.Release|x64.Build.0 = Release|x64
		{9012748D-9A90-4205-A0E9-AB7213CF33BD}.Debug|Win32.ActiveCfg = Debug|Win32
		{9012748D-9A90-4205-A0E9-AB7213CF33BD}.Debug|Win32.Build.0 = Debug|Win32
		{9012748D-9A90-4205-A0E9-AB7213CF33BD}.Debug|x64.ActiveCfg = Debug|x64
		{9012748D-9A90-4205-A0E9-AB7213CF33BD}.Debug|x64.Build.0 = Debug|x64
		{9012748D-9A90-4205-A0E9-AB7213CF33BD}.LinuxDebug|Win32.ActiveCfg = LinuxDebug|Win32
		{9012748D-9A90-4205-A0E9-AB7213CF33BD}.LinuxDebug|Win32.Build.0 = LinuxDebug|Win32
		{9012748D-9A90-4205-A0E9-AB7213CF33BD}.LinuxDebug|x64.ActiveCfg = LinuxDebug|Win32
		{9012748D-9A90-4205-A0E9-AB7213CF33BD}.LinuxDebug|x64.Build.0 = LinuxDebug|Win32
		{9012748D-9A90-4205-A0E9-AB7213CF33BD}.LinuxRelease|Win32.ActiveCfg = LinuxRelease|Win32
		{9012748D-9A90-4205-A0E9-AB7213CF33BD}.LinuxRelease|Win32.Build.0 = LinuxRelease|Win32
		{9012748D-9A90-4205-A0E9-AB7213CF33BD}.LinuxRelease|x64.ActiveCfg = LinuxRelease|Win32
		{9012748D-9A90-4205-A0E9-AB7213CF33BD}.LinuxRelease|x64.Build.0 = LinuxRelease|Win32
		{9012748D-9A90-4205-A0E9-AB7213CF33BD}.Release|Win32.ActiveCfg = Release|Win32
		{9012748D-9A90-4205-A0E9-AB7213CF33BD}.Release|Win32.Build.0 = Release|Win32
		{9012748D-9A90-4205-A0E9-AB7213CF33BD}.Release|x64.ActiveCfg = Release|x64
		{9012748D-9A90-4205-A0E9-AB7213CF33BD}.Release|x64.Build.0 = Release|x64
		{EB3B9576-A5E3-41BE-99A3-0715F26C5606}.Debug|Win32.ActiveCfg = Debug|Win32
		{EB3B9576-A5E3-41BE-99A3-0715F26C5606}.Debug|Win32.Build.0 = Debug|Win32
		{EB3B9576-A5E3-41BE-99A3-0715F26C5606}.Debug|x64.ActiveCfg = Debug|x64
		{EB3B9576-A5E3-41BE-99A3-0715F26C5606}.Debug|x64.Build.0 = Debug|x64
		{EB3B9576-A5E3-41BE-99A3-0715F26C5606}.LinuxDebug|Win32.ActiveCfg = LinuxDebug|Win32
		{EB3B9576-A5E3-41BE-99A3-0715F26C5606}.LinuxDebug|Win32.Build.0 = LinuxDebug|Win32
		{EB3B9576-A5E3-41BE-99A3-0715F26C5606}.LinuxDebug|x64.ActiveCfg = LinuxDebug|Win32
		{EB3B9576-A5E3-41BE-99A3-0715F26C5606}.LinuxDebug|x64.Build.0 = LinuxDebug|Win32
		{EB3B9576-A5E3-41BE-99A3-0715F26C5606}.LinuxRelease|Win32.ActiveCfg = LinuxRelease|Win32
		{EB3B9576-A5E3-41BE-99A3-0715F26C5606}.LinuxRelease|Win32.Build.0 = LinuxRelease|Win32
		{EB3B9576-A5E3-41BE-99A3-0715F26C5606}.LinuxRelease|x64.ActiveCfg = LinuxRelease|Win32
		{EB3B9576-A5E3-41BE-99A3-0715F26C5606}.LinuxRelease|x64.Build.0 = LinuxRelease|Win32
		{EB3B9576-A5E3-41BE-99A3-0715F26C5606}.Release|Win32.ActiveCfg = Release|Win32
		{EB3B9576-A5E3-41BE-99A3-0715F26C5606}.Release|Win32.Build.0 = Release|Win32
		{EB3B9576-A5E3-41BE-99A3-0715F26C5606}.Release|x64.ActiveCfg = Release|x64
		{EB3B9576-A5E3-41BE-99A3-0715F26C5606}.Release|x64.Build.0 = Release|x64
		{19766FE5-A271-4BE4-A06B-27F455BC96D8}.Debug|Win32.ActiveCfg = Debug|Win32
		{19766FE5-A271-4BE4-A06B-27F455BC96D8}.Debug|Win32.Build.0 = Debug|Win32
		{19766FE5-A271-4BE4-A06B-27F455BC96D8}.Debug|x64.ActiveCfg = Debug|x64
		{19766FE5-A271-4BE4-A06B-27F455BC96D8}.Debug|x64.Build.0 = Debug|x64
		{19766FE5-A271-4BE4-A06B-27F455BC96D8}.LinuxDebug|Win32.ActiveCfg = LinuxDebug|Win32
		{19766FE5-A271-4BE4-A06B-27F455BC96D8}.LinuxDebug|Win32.Build.0 = LinuxDebug|Win32
		{19766FE5-A271-4BE4-A06B-27F455BC96D8}.LinuxDebug|x64.ActiveCfg = LinuxDebug|Win32
		{19766FE5-A271-4BE4-A06B-27F455BC96D8}.LinuxDebug|x64.Build.0 = LinuxDebug|Win32
		{19766FE5-A271-4BE4-A06B-27F455BC96D8}.LinuxDebug|x64.Deploy.0 = LinuxDebug|Win32
		{19766FE5-A271-4BE4-A06B-27F455BC96D8}.LinuxRelease|Win32.ActiveCfg = LinuxRelease|Win32
		{19766FE5-A271-4BE4-A06B-27F455BC96D8}.LinuxRelease|Win32.Build.0 = LinuxRelease|Win32
		{19766FE5-A271-4BE4-A06B-27F455BC96D8}.LinuxRelease|x64.ActiveCfg = LinuxRelease|Win32
		{19766FE5-A271-4BE4-A06B-27F455BC96D8}.LinuxRelease|x64.Build.0 = LinuxRelease|Win32
		{19766FE5-A271-4BE4-A06B-27F455BC96D8}.Release|Win32.ActiveCfg = Release|Win32
		{19766FE5-A271-4BE4-A06B-27F455BC96D8}.Release|Win32.Build.0 = Release|Win32
		{19766FE5-A271-4BE4-A06B-27F455BC96D8}.Release|x64.ActiveCfg = Release|x64
		{19766FE5-A271-4BE4-A06B-27F455BC96D8}.Release|x64.Build.0 = Release|x64
		{C4DA45C3-1159-4919-B032-11E0C6AE001D}.Debug|Win32.ActiveCfg = Debug|Win32
		{C4DA45C3-1159-4919-B032-11E0C6AE001D}.Debug|Win32.Build.0 = Debug|Win32
		{C4DA45C3-1159-4919-B032-11E0C6AE001D}.Debug|x64.ActiveCfg = Debug|x64
		{C4DA45C3-1159-4919-B032-11E0C6AE001D}.Debug|x64.Build.0 = Debug|x64
		{C4DA45C3-1159-4919-B032-11E0C6AE001D}.LinuxDebug|Win32.ActiveCfg = LinuxDebug|Win32
		{C4DA45C3-1159-4919-B032-11E0C6AE001D}.LinuxDebug|Win32.Build.0 = LinuxDebug|Win32
		{C4DA45C3-1159-4919-B032-11E0C6AE001D}.LinuxDebug|x64.ActiveCfg = LinuxDebug|Win32
		{C4DA45C3-1159-4919-B032-11E0C6AE001D}.LinuxDebug|x64.Build.0 = LinuxDebug|Win32
		{C4DA45C3-1159-4919-B032-11E0C6AE001D}.LinuxRelease|Win32.ActiveCfg = LinuxRelease|Win32
		{C4DA45C3-1159-4919-B032-11E0C6AE001D}.LinuxRelease|Win32.Build.0 = LinuxRelease|Win32
		{C4DA45C3-1159-4919-B032-11E0C6AE001D}.LinuxRelease|x64.ActiveCfg = LinuxRelease|Win32
		{C4DA45C3-1159-4919-B032-11E0C6AE001D}.LinuxRelease|x64.Build.0 = LinuxRelease|Win32
		{C4DA45C3-1159-4919-B032-11E0C6AE001D}.Release|Win32.ActiveCfg = Release|Win32
		{C4DA45C3-1159-4919-B032-11E0C6AE001D}.Release|Win32.Build.0 = Release|Win32
		{C4DA45C3-1159-4919-B032-11E0C6AE001D}.Release|x64.ActiveCfg = Release|x64
		{C4DA45C3-1159-4919-B032-11E0C6AE001D}.Release|x64.Build.0 = Release|x64
		{97B16AB4-F6EA-4AFF-A264-D32A5936687F}.Debug|Win32.ActiveCfg = Debug|Win32
		{97B16AB4-F6EA-4AFF-A264-D32A5936687F}.Debug|Win32.Build.0 = Debug|Win32
		{97B16AB4-F6EA-4AFF-A264-D32A5936687F}.Debug|x64.ActiveCfg = Debug|x64
		{97B16AB4-F6EA-4AFF-A264-D32A5936687F}.Debug|x64.Build.0 = Debug|x64
		{97B16AB4-F6EA-4AFF-A264-D32A5936687F}.LinuxDebug|Win32.ActiveCfg = LinuxDebug|Win32
		{97B16AB4-F6EA-4AFF-A264-D32A5936687F}.LinuxDebug|Win32.Build.0 = LinuxDebug|Win32
		{97B16AB4-F6EA-4AFF-A264-D32A5936687F}.LinuxDebug|x64.ActiveCfg = LinuxDebug|Win32
		{97B16AB4-F6EA-4AFF-A264-D32A5936687F}.LinuxDebug|x64.Build.0 = LinuxDebug|Win32
		{97B16AB4-F6EA-4AFF-A264-D32A5936687F}.LinuxRelease|Win32.ActiveCfg = LinuxRelease|Win32
		{97B16AB4-F6EA-4AFF-A264-D32A5936687F}.LinuxRelease|Win32.Build.0 = LinuxRelease|Win32
		{97B16AB4-F6EA-4AFF-A264-D32A5936687F}.LinuxRelease|x64.ActiveCfg = LinuxRelease|Win32
		{97B16AB4-F6EA-4AFF-A264-D32A5936687F}.LinuxRelease|x64.Build.0 = LinuxRelease|Win32
		{97B16AB4-F6EA-4AFF-A264-D32A5936687F}.Release|Win32.ActiveCfg = Release|Win32
		{97B16AB4-F6EA-4AFF-A264-D32A5936687F}.Release|Win32.Build.0 = Release|Win32
		{97B16AB4-F6EA-4AFF-A264-D32A5936687F}.Release|x64.ActiveCfg = Release|x64
		{97B16AB4-F6EA-4AFF-A264-D32A5936687F}.Release|x64.Build.0 = Release|x64
		{3AF87DC8-5B44-46D3-B0A0-A0DFA68DC50A}.Debug|Win32.ActiveCfg = Debug|Win32
		{3AF87DC8-5B44-46D3-B0A0-A0DFA68DC50A}.Debug|Win32.Build.0 = Debug|Win32
		{3AF87DC8-5B44-46D3-B0A0-A0DFA68DC50A}.Debug|x64.ActiveCfg = Debug|x64
		{3AF87DC8-5B44-46D3-B0A0-A0DFA68DC50A}.Debug|x64.Build.0 = Debug|x64
		{3AF87DC8-5B44-46D3-B0A0-A0DFA68DC50A}.LinuxDebug|Win32.ActiveCfg = LinuxDebug|Win32
		{3AF87DC8-5B44-46D3-B0A0-A0DFA68DC50A}.LinuxDebug|Win32.Build.0 = LinuxDebug|Win32
		{3AF87DC8-5B44-46D3-B0A0-A0DFA68DC50A}.LinuxDebug|x64.ActiveCfg = LinuxDebug|Win32
		{3AF87DC8-5B44-46D3-B0A0-A0DFA68DC50A}.LinuxDebug|x64.Build.0 = LinuxDebug|Win32
		{3AF87DC8-5B44-46D3-B0A0-A0DFA68DC50A}.LinuxRelease|Win32.ActiveCfg = LinuxRelease|Win32
		{3AF87DC8-5B44-46D3-B0A0-A0DFA68DC50A}.LinuxRelease|Win32.Build.0 = LinuxRelease|Win32
		{3AF87DC8-5B44-46D3-B0A0-A0DFA68DC50A}.LinuxRelease|x64.ActiveCfg = LinuxRelease|Win32
		{3AF87DC8-5B44-46D3-B0A0-A0DFA68DC50A}.LinuxRelease|x64.Build.0 = LinuxRelease|Win32
		{3AF87DC8-5B44-46D3-B0A0-A0DFA68DC50A}.Release|Win32.ActiveCfg = Release|Win32
		{3AF87DC8-5B44-46D3-B0A0-A0DFA68DC50A}.Release|Win32.Build.0 = Release|Win32
		{3AF87DC8-5B44-46D3-B0A0-A0DFA68DC50A}.Release|x64.ActiveCfg = Release|x64
		{3AF87DC8-5B44-46D3-B0A0-A0DFA68DC50A}.Release|x64.Build.0 = Release|x64
		{2E89D76D-FE22-4AE0-9AA0-81BB268D472A}.Debug|Win32.ActiveCfg = Debug|Win32
		{2E89D76D-FE22-4AE0-9AA0-81BB268D472A}.Debug|Win32.Build.0 = Debug|Win32
		{2E89D76D-FE22-4AE0-9AA0-81BB268D472A}.Debug|x64.ActiveCfg = Debug|x64
		{2E89D76D-FE22-4AE0-9AA0-81BB268D472A}.Debug|x64.Build.0 = Debug|x64
		{2E89D76D-FE22-4AE0-9AA0-81BB268D472A}.LinuxDebug|Win32.ActiveCfg = LinuxDebug|Win32
		{2E89D76D-FE22-4AE0-9AA0-81BB268D472A}.LinuxDebug|Win32.Build.0 = LinuxDebug|Win32
		{2E89D76D-FE22-4AE0-9AA0-81BB268D472A}.LinuxDebug|x64.ActiveCfg = LinuxDebug|Win32
		{2E89D76D-FE22-4AE0-9AA0-81BB268D472A}.LinuxDebug|x64.Build.0 = LinuxDebug|Win32
		{2E89D76D-FE22-4AE0-9AA0-81BB268D472A}.LinuxRelease|Win32.ActiveCfg = LinuxRelease|Win32
		{2E89D76D-FE22-4AE0-9AA0-81BB268D472A}.LinuxRelease|Win32.Build.0 = LinuxRelease|Win32
		{2E89D76D-FE22-4AE0-9AA0-81BB268D472A}.LinuxRelease|x64.ActiveCfg = LinuxRelease|Win32
		{2E89D76D-FE22-4AE0-9AA0-81BB268D472A}.LinuxRelease|x64.Build.0 = LinuxRelease|Win32
		{2E89D76D-FE22-4AE0-9AA0-81BB268D472A}.Release|Win32.ActiveCfg = Release|Win32
		{2E89D76D-FE22-4AE0-9AA0-81BB268D472A}.Release|Win32.Build.0 = Release|Win32
		{2E89D76D-FE22-4AE0-9AA0-81BB268D472A}.Release|x64.ActiveCfg = Release|x64
		{2E89D76D-FE22-4AE0-9AA0-81BB268D472A}.Release|x64.Build.0 = Release|x64
		{48C94B27-4ABD-4011-86A0-EDCAC724C506}.Debug|Win32.ActiveCfg = Debug|Win32
		{48C94B27-4ABD-4011-86A0-EDCAC724C506}.Debug|Win32.Build.0 = Debug|Win32
		{48C94B27-4ABD-4011-86A0-EDCAC724C506}.Debug|x64.ActiveCfg = Debug|x64
		{48C94B27-4ABD-4011-86A0-EDCAC724C506}.Debug|x64.Build.0 = Debug|x64
		{48C94B27-4ABD-4011-86A0-EDCAC724C506}.LinuxDebug|Win32.ActiveCfg = LinuxDebug|Win32
		{48C94B27-4ABD-4011-86A0-EDCAC724C506}.LinuxDebug|Win32.Build.0 = LinuxDebug|Win32
		{48C94B27-4ABD-4011-86A0-EDCAC724C506}.LinuxDebug|x64.ActiveCfg = LinuxDebug|Win32
		{48C94B27-4ABD-4011-86A0-EDCAC724C506}.LinuxDebug|x64.Build.0 = LinuxDebug|Win32
		{48C94B27-4ABD-4011-86A0-EDCAC724C506}.LinuxRelease|Win32.ActiveCfg = LinuxRelease|Win32
		{48C94B27-4ABD-4011-86A0-EDCAC724C506}.LinuxRelease|Win32.Build.0 = LinuxRelease|Win32
		{48C94B27-4ABD-4011-86A0-EDCAC724C506}.LinuxRelease|x64.ActiveCfg = LinuxRelease|Win32
		{48C94B27-4ABD-4011-86A0-EDCAC724C506}.LinuxRelease|x64.Build.0 = LinuxRelease|Win32
		{48C94B27-4ABD-4011-86A0-EDCAC724C506}.Release|Win32.ActiveCfg = Release|Win32
		{48C94B27-4ABD-4011-86A0-EDCAC724C506}.Release|Win32.Build.0 = Release|Win32
		{48C94B27-4ABD-4011-86A0-EDCAC724C506}.Release|x64.ActiveCfg = Release|x64
		{48C94B27-4ABD-4011-86A0-EDCAC724C506}.Release|x64.Build.0 = Release|x64
		{8EBD82E0-AD73-40F0-ACC1-80EC3371FFB1}.Debug|Win32.ActiveCfg = Debug|Win32
		{8EBD82E0-AD73-40F0-ACC1-80EC3371FFB1}.Debug|Win32.Build.0 = Debug|Win32
		{8EBD82E0-AD73-40F0-ACC1-80EC3371FFB1}.Debug|x64.ActiveCfg = Debug|x64
		{8EBD82E0-AD73-40F0-ACC1-80EC3371FFB1}.Debug|x64.Build.0 = Debug|x64
		{8EBD82E0-AD73-40F0-ACC1-80EC3371FFB1}.LinuxDebug|Win32.ActiveCfg = LinuxDebug|Win32
		{8EBD82E0-AD73-40F0-ACC1-80EC3371FFB1}.LinuxDebug|Win32.Build.0 = LinuxDebug|Win32
		{8EBD82E0-AD73-40F0-ACC1-80EC3371FFB1}.LinuxDebug|x64.ActiveCfg = LinuxDebug|Win32
		{8EBD82E0-AD73-40F0-ACC1-80EC3371FFB1}.LinuxDebug|x64.Build.0 = LinuxDebug|Win32
		{8EBD82E0-AD73-40F0-ACC1-80EC3371FFB1}.LinuxRelease|Win32.ActiveCfg = LinuxRelease|Win32
		{8EBD82E0-AD73-40F0-ACC1-80EC3371FFB1}.LinuxRelease|Win32.Build.0 = LinuxRelease|Win32
		{8EBD82E0-AD73-40F0-ACC1-80EC3371FFB1}.LinuxRelease|x64.ActiveCfg = LinuxRelease|Win32
		{8EBD82E0-AD73-40F0-ACC1-80EC3371FFB1}.LinuxRelease|x64.Build.0 = LinuxRelease|Win32
		{8EBD82E0-AD73-40F0-ACC1-80EC3371FFB1}.Release|Win32.ActiveCfg = Release|Win32
		{8EBD82E0-AD73-40F0-ACC1-80EC3371FFB1}.Release|Win32.Build.0 = Release|Win32
		{8EBD82E0-AD73-40F0-ACC1-80EC3371FFB1}.Release|x64.ActiveCfg = Release|x64
		{8EBD82E0-AD73-40F0-ACC1-80EC3371FFB1}.Release|x64.Build.0 = Release|x64
		{24B6B0BE-1820-4F51-87D6-DF829DB976B7}.Debug|Win32.ActiveCfg = Debug|Win32
		{24B6B0BE-1820-4F51-87D6-DF829DB976B7}.Debug|Win32.Build.0 = Debug|Win32
		{24B6B0BE-1820-4F51-87D6-DF829DB976B7}.Debug|x64.ActiveCfg = Debug|x64
		{24B6B0BE-1820-4F51-87D6-DF829DB976B7}.Debug|x64.Build.0 = Debug|x64
		{24B6B0BE-1820-4F51-87D6-DF829DB976B7}.LinuxDebug|Win32.ActiveCfg = LinuxDebug|Win32
		{24B6B0BE-1820-4F51-87D6-DF829DB976B7}.LinuxDebug|x64.ActiveCfg = LinuxDebug|Win32
		{24B6B0BE-1820-4F51-87D6-DF829DB976B7}.LinuxRelease|Win32.ActiveCfg = LinuxRelease|Win32
		{24B6B0BE-1820-4F51-87D6-DF829DB976B7}.LinuxRelease|x64.ActiveCfg = LinuxRelease|Win32
		{24B6B0BE-1820-4F51-87D6-DF829DB976B7}.Release|Win32.ActiveCfg = Release|Win32
		{24B6B0BE-1820-4F51-87D6-DF829DB976B7}.Release|Win32.Build.0 = Release|Win32
		{24B6B0BE-1820-4F51-87D6-DF829DB976B7}.Release|x64.ActiveCfg = Release|x64
		{24B6B0BE-1820-4F51-87D6-DF829DB976B7}.Release|x64.Build.0 = Release|x64
		{D41C7740-F659-4020-9B7B-DA7FC80E2CBF}.Debug|Win32.ActiveCfg = Debug|Win32
		{D41C7740-F659-4020-9B7B-DA7FC80E2CBF}.Debug|Win32.Build.0 = Debug|Win32
		{D41C7740-F659-4020-9B7B-DA7FC80E2CBF}.Debug|x64.ActiveCfg = Debug|x64
		{D41C7740-F659-4020-9B7B-DA7FC80E2CBF}.Debug|x64.Build.0 = Debug|x64
		{D41C7740-F659-4020-9B7B-DA7FC80E2CBF}.LinuxDebug|Win32.ActiveCfg = LinuxDebug|Win32
		{D41C7740-F659-4020-9B7B-DA7FC80E2CBF}.LinuxDebug|Win32.Build.0 = LinuxDebug|Win32
		{D41C7740-F659-4020-9B7B-DA7FC80E2CBF}.LinuxDebug|x64.ActiveCfg = LinuxDebug|Win32
		{D41C7740-F659-4020-9B7B-DA7FC80E2CBF}.LinuxDebug|x64.Build.0 = LinuxDebug|Win32
		{D41C7740-F659-4020-9B7B-DA7FC80E2CBF}.LinuxRelease|Win32.ActiveCfg = LinuxRelease|Win32
		{D41C7740-F659-4020-9B7B-DA7FC80E2CBF}.LinuxRelease|Win32.Build.0 = LinuxRelease|Win32
		{D41C7740-F659-4020-9B7B-DA7FC80E2CBF}.LinuxRelease|x64.ActiveCfg = LinuxRelease|Win32
		{D41C7740-F659-4020-9B7B-DA7FC80E2CBF}.LinuxRelease|x64.Build.0 = LinuxRelease|Win32
		{D41C7740-F659-4020-9B7B-DA7FC80E2CBF}.Release|Win32.ActiveCfg = Release|Win32
		{D41C7740-F659-4020-9B7B-DA7FC80E2CBF}.Release|Win32.Build.0 = Release|Win32
		{D41C7740-F659-4020-9B7B-DA7FC80E2CBF}.Release|x64.ActiveCfg = Release|x64
		{D41C7740-F659-4020-9B7B-DA7FC80E2CBF}.Release|x64.Build.0 = Release|x64
		{29148696-DFFE-47F1-9A04-C277A6B1D042}.Debug|Win32.ActiveCfg = Debug|Win32
		{29148696-DFFE-47F1-9A04-C277A6B1D042}.Debug|Win32.Build.0 = Debug|Win32
		{29148696-DFFE-47F1-9A04-C277A6B1D042}.Debug|x64.ActiveCfg = Debug|x64
		{29148696-DFFE-47F1-9A04-C277A6B1D042}.Debug|x64.Build.0 = Debug|x64
		{29148696-DFFE-47F1-9A04-C277A6B1D042}.LinuxDebug|Win32.ActiveCfg = LinuxDebug|Win32
		{29148696-DFFE-47F1-9A04-C277A6B1D042}.LinuxDebug|Win32.Build.0 = LinuxDebug|Win32
		{29148696-DFFE-47F1-9A04-C277A6B1D042}.LinuxDebug|x64.ActiveCfg = LinuxDebug|Win32
		{29148696-DFFE-47F1-9A04-C277A6B1D042}.LinuxDebug|x64.Build.0 = LinuxDebug|Win32
		{29148696-DFFE-47F1-9A04-C277A6B1D042}.LinuxRelease|Win32.ActiveCfg = LinuxRelease|Win32
		{29148696-DFFE-47F1-9A04-C277A6B1D042}.LinuxRelease|Win32.Build.0 = LinuxRelease|Win32
		{29148696-DFFE-47F1-9A04-C277A6B1D042}.LinuxRelease|x64.ActiveCfg = LinuxRelease|Win32
		{29148696-DFFE-47F1-9A04-C277A6B1D042}.LinuxRelease|x64.Build.0 = LinuxRelease|Win32
		{29148696-DFFE-47F1-9A04-C277A6B1D042}.Release|Win32.ActiveCfg = Release|Win32
		{29148696-DFFE-47F1-9A04-C277A6B1D042}.Release|Win32.Build.0 = Release|Win32
		{29148696-DFFE-47F1-9A04-C277A6B1D042}.Release|x64.ActiveCfg = Release|x64
		{29148696-DFFE-47F1-9A04-C277A6B1D042}.Release|x64.Build.0 = Release|x64
		{988071AA-3875-4CFE-8A08-A31953B820B3}.Debug|Win32.ActiveCfg = Debug|Win32
		{988071AA-3875-4CFE-8A08-A31953B820B3}.Debug|Win32.Build.0 = Debug|Win32
		{988071AA-3875-4CFE-8A08-A31953B820B3}.Debug|x64.ActiveCfg = Debug|x64
		{988071AA-3875-4CFE-8A08-A31953B820B3}.Debug|x64.Build.0 = Debug|x64
		{988071AA-3875-4CFE-8A08-A31953B820B3}.LinuxDebug|Win32.ActiveCfg = LinuxDebug|Win32
		{988071AA-3875-4CFE-8A08-A31953B820B3}.LinuxDebug|Win32.Build.0 = LinuxDebug|Win32
		{988071AA-3875-4CFE-8A08-A31953B820B3}.LinuxDebug|x64.ActiveCfg = LinuxDebug|Win32
		{988071AA-3875-4CFE-8A08-A31953B820B3}.LinuxDebug|x64.Build.0 = LinuxDebug|Win32
		{988071AA-3875-4CFE-8A08-A31953B820B3}.LinuxDebug|x64.Deploy.0 = LinuxDebug|Win32
		{988071AA-3875-4CFE-8A08-A31953B820B3}.LinuxRelease|Win32.ActiveCfg = LinuxRelease|Win32
		{988071AA-3875-4CFE-8A08-A31953B820B3}.LinuxRelease|Win32.Build.0 = LinuxRelease|Win32
		{988071AA-3875-4CFE-8A08-A31953B820B3}.LinuxRelease|x64.ActiveCfg = LinuxRelease|Win32
		{988071AA-3875-4CFE-8A08-A31953B820B3}.LinuxRelease|x64.Build.0 = LinuxRelease|Win32
		{988071AA-3875-4CFE-8A08-A31953B820B3}.Release|Win32.ActiveCfg = Release|Win32
		{988071AA-3875-4CFE-8A08-A31953B820B3}.Release|Win32.Build.0 = Release|Win32
		{988071AA-3875-4CFE-8A08-A31953B820B3}.Release|x64.ActiveCfg = Release|x64
		{988071AA-3875-4CFE-8A08-A31953B820B3}.Release|x64.Build.0 = Release|x64
		{2468767E-A143-4D7A-82A0-5346A5B1FC14}.Debug|Win32.ActiveCfg = Debug|Win32
		{2468767E-A143-4D7A-82A0-5346A5B1FC14}.Debug|Win32.Build.0 = Debug|Win32
		{2468767E-A143-4D7A-82A0-5346A5B1FC14}.Debug|x64.ActiveCfg = Debug|x64
		{2468767E-A143-4D7A-82A0-5346A5B1FC14}.Debug|x64.Build.0 = Debug|x64
		{2468767E-A143-4D7A-82A0-5346A5B1FC14}.LinuxDebug|Win32.ActiveCfg = LinuxDebug|Win32
		{2468767E-A143-4D7A-82A0-5346A5B1FC14}.LinuxDebug|Win32.Build.0 = LinuxDebug|Win32
		{2468767E-A143-4D7A-82A0-5346A5B1FC14}.LinuxDebug|x64.ActiveCfg = LinuxDebug|Win32
		{2468767E-A143-4D7A-82A0-5346A5B1FC14}.LinuxDebug|x64.Build.0 = LinuxDebug|Win32
		{2468767E-A143-4D7A-82A0-5346A5B1FC14}.LinuxRelease|Win32.ActiveCfg = LinuxRelease|Win32
		{2468767E-A143-4D7A-82A0-5346A5B1FC14}.LinuxRelease|Win32.Build.0 = LinuxRelease|Win32
		{2468767E-A143-4D7A-82A0-5346A5B1FC14}.LinuxRelease|x64.ActiveCfg = LinuxRelease|Win32
		{2468767E-A143-4D7A-82A0-5346A5B1FC14}.LinuxRelease|x64.Build.0 = LinuxRelease|Win32
		{2468767E-A143-4D7A-82A0-5346A5B1FC14}.Release|Win32.ActiveCfg = Release|Win32
		{2468767E-A143-4D7A-82A0-5346A5B1FC14}.Release|Win32.Build.0 = Release|Win32
		{2468767E-A143-4D7A-82A0-5346A5B1FC14}.Release|x64.ActiveCfg = Release|x64
		{2468767E-A143-4D7A-82A0-5346A5B1FC14}.Release|x64.Build.0 = Release|x64
		{B5A8E683-34EB-4D1E-A07C-280B79669BA6}.Debug|Win32.ActiveCfg = Debug|Win32
		{B5A8E683-34EB-4D1E-A07C-280B79669BA6}.Debug|Win32.Build.0 = Debug|Win32
		{B5A8E683-34EB-4D1E-A07C-280B79669BA6}.Debug|x64.ActiveCfg = Debug|x64
		{B5A8E683-34EB-4D1E-A07C-280B79669BA6}.Debug|x64.Build.0 = Debug|x64
		{B5A8E683-34EB-4D1E-A07C-280B79669BA6}.LinuxDebug|Win32.ActiveCfg = LinuxDebug|Win32
		{B5A8E683-34EB-4D1E-A07C-280B79669BA6}.LinuxDebug|Win32.Build.0 = LinuxDebug|Win32
		{B5A8E683-34EB-4D1E-A07C-280B79669BA6}.LinuxDebug|x64.ActiveCfg = LinuxDebug|Win32
		{B5A8E683-34EB-4D1E-A07C-280B79669BA6}.LinuxDebug|x64.Build.0 = LinuxDebug|Win32
		{B5A8E683-34EB-4D1E-A07C-280B79669BA6}.LinuxRelease|Win32.ActiveCfg = LinuxRelease|Win32
		{B5A8E683-34EB-4D1E-A07C-280B79669BA6}.LinuxRelease|Win32.Build.0 = LinuxRelease|Win32
		{B5A8E683-34EB-4D1E-A07C-280B79669BA6}.LinuxRelease|x64.ActiveCfg = LinuxRelease|Win32
		{B5A8E683-34EB-4D1E-A07C-280B79669BA6}.LinuxRelease|x64.Build.0 = LinuxRelease|Win32
		{B5A8E683-34EB-4D1E-A07C-280B79669BA6}.Release|Win32.ActiveCfg = Release|Win32
		{B5A8E683-34EB-4D1E-A07C-280B79669BA6}.Release|Win32.Build.0 = Release|Win32
		{B5A8E683-34EB-4D1E-A07C-280B79669BA6}.Release|x64.ActiveCfg = Release|x64
		{B5A8E683-34EB-4D1E-A07C-280B79669BA6}.Release|x64.Build.0 = Release|x64
		{BCEB2DE5-346C-4E4A-9816-E8BDCA3079E8}.Debug|Win32.ActiveCfg = Debug|Win32
		{BCEB2DE5-346C-4E4A-9816-E8BDCA3079E8}.Debug|Win32.Build.0 = Debug|Win32
		{BCEB2DE5-346C-4E4A-9816-E8BDCA3079E8}.Debug|x64.ActiveCfg = Debug|x64
		{BCEB2DE5-346C-4E4A-9816-E8BDCA3079E8}.Debug|x64.Build.0 = Debug|x64
		{BCEB2DE5-346C-4E4A-9816-E8BDCA3079E8}.LinuxDebug|Win32.ActiveCfg = LinuxDebug|Win32
		{BCEB2DE5-346C-4E4A-9816-E8BDCA3079E8}.LinuxDebug|Win32.Build.0 = LinuxDebug|Win32
		{BCEB2DE5-346C-4E4A-9816-E8BDCA3079E8}.LinuxDebug|x64.ActiveCfg = LinuxDebug|Win32
		{BCEB2DE5-346C-4E4A-9816-E8BDCA3079E8}.LinuxDebug|x64.Build.0 = LinuxDebug|Win32
		{BCEB2DE5-346C-4E4A-9816-E8BDCA3079E8}.LinuxRelease|Win32.ActiveCfg = LinuxRelease|Win32
		{BCEB2DE5-346C-4E4A-9816-E8BDCA3079E8}.LinuxRelease|Win32.Build.0 = LinuxRelease|Win32
		{BCEB2DE5-346C-4E4A-9816-E8BDCA3079E8}.LinuxRelease|x64.ActiveCfg = LinuxRelease|Win32
		{BCEB2DE5-346C-4E4A-9816-E8BDCA3079E8}.LinuxRelease|x64.Build.0 = LinuxRelease|Win32
		{BCEB2DE5-346C-4E4A-9816-E8BDCA3079E8}.Release|Win32.ActiveCfg = Release|Win32
		{BCEB2DE5-346C-4E4A-9816-E8BDCA3079E8}.Release|Win32.Build.0 = Release|Win32
		{BCEB2DE5-346C-4E4A-9816-E8BDCA3079E8}.Release|x64.ActiveCfg = Release|x64
		{BCEB2DE5-346C-4E4A-9816-E8BDCA3079E8}.Release|x64.Build.0 = Release|x64
		{20675957-CE52-44AE-99A9-F7056463B0C8}.Debug|Win32.ActiveCfg = Debug|Win32
		{20675957-CE52-44AE-99A9-F7056463B0C8}.Debug|Win32.Build.0 = Debug|Win32
		{20675957-CE52-44AE-99A9-F7056463B0C8}.Debug|x64.ActiveCfg = Debug|Win32
		{20675957-CE52-44AE-99A9-F7056463B0C8}.LinuxDebug|Win32.ActiveCfg = Debug|Win32
		{20675957-CE52-44AE-99A9-F7056463B0C8}.LinuxDebug|Win32.Build.0 = Debug|Win32
		{20675957-CE52-44AE-99A9-F7056463B0C8}.LinuxDebug|x64.ActiveCfg = Debug|Win32
		{20675957-CE52-44AE-99A9-F7056463B0C8}.LinuxRelease|Win32.ActiveCfg = Release|Win32
		{20675957-CE52-44AE-99A9-F7056463B0C8}.LinuxRelease|Win32.Build.0 = Release|Win32
		{20675957-CE52-44AE-99A9-F7056463B0C8}.LinuxRelease|x64.ActiveCfg = Release|Win32
		{20675957-CE52-44AE-99A9-F7056463B0C8}.Release|Win32.ActiveCfg = Release|Win32
		{20675957-CE52-44AE-99A9-F7056463B0C8}.Release|Win32.Build.0 = Release|Win32
		{20675957-CE52-44AE-99A9-F7056463B0C8}.Release|x64.ActiveCfg = Release|Win32
	EndGlobalSection
	GlobalSection(SolutionProperties) = preSolution
		HideSolutionNode = FALSE
	EndGlobalSection
EndGlobal
