<?xml version="1.0" encoding="utf-8"?>
<Project ToolsVersion="4.0" xmlns="http://schemas.microsoft.com/developer/msbuild/2003">
  <ItemGroup>
    <Filter Include="Source Files">
      <UniqueIdentifier>{4FC737F1-C7A5-4376-A066-2A32D752A2FF}</UniqueIdentifier>
      <Extensions>cpp;c;cc;cxx;def;odl;idl;hpj;bat;asm;asmx</Extensions>
    </Filter>
    <Filter Include="Header Files">
      <UniqueIdentifier>{93995380-89BD-4b04-88EB-625FBE52EBFB}</UniqueIdentifier>
      <Extensions>h;hpp;hxx;hm;inl;inc;xsd</Extensions>
    </Filter>
    <Filter Include="Resource Files">
      <UniqueIdentifier>{67DA6AB6-F800-4c08-8B7A-83BB121AAD01}</UniqueIdentifier>
      <Extensions>rc;ico;cur;bmp;dlg;rc2;rct;bin;rgs;gif;jpg;jpeg;jpe;resx;tiff;tif;png;wav;mfcribbon-ms</Extensions>
    </Filter>
    <Filter Include="Header Files\sqlite">
      <UniqueIdentifier>{7818dd87-d3a0-472e-bbc9-ccc1eaf9dddb}</UniqueIdentifier>
    </Filter>
    <Filter Include="Header Files\fastcgi">
      <UniqueIdentifier>{9473f955-6f68-4a66-99df-49d83a720606}</UniqueIdentifier>
    </Filter>
    <Filter Include="Header Files\rapidjson">
      <UniqueIdentifier>{b6575db0-38f7-4f0c-9f25-29525809e809}</UniqueIdentifier>
    </Filter>
    <Filter Include="Source Files\sqlite">
      <UniqueIdentifier>{7608f7b6-5834-4e75-b4f0-c0564cf38952}</UniqueIdentifier>
    </Filter>
    <Filter Include="Source Files\fastcgi">
      <UniqueIdentifier>{ef0c2b2f-dd7e-4f44-b097-d1604ecd8341}</UniqueIdentifier>
    </Filter>
  </ItemGroup>
  <ItemGroup>
    <ClCompile Include="src\Logging.cpp">
      <Filter>Source Files</Filter>
    </ClCompile>
    <ClCompile Include="src\Parameters.cpp">
      <Filter>Source Files</Filter>
    </ClCompile>
    <ClCompile Include="src\Socket.cpp">
      <Filter>Source Files</Filter>
    </ClCompile>
    <ClCompile Include="src\Gallery.cpp">
      <Filter>Source Files</Filter>
    </ClCompile>
    <ClCompile Include="src\FileSystem.cpp">
      <Filter>Source Files</Filter>
    </ClCompile>
    <ClCompile Include="src\Server.cpp">
      <Filter>Source Files</Filter>
    </ClCompile>
    <ClCompile Include="src\Internal.cpp">
      <Filter>Source Files</Filter>
    </ClCompile>
    <ClCompile Include="src\main.cpp">
      <Filter>Source Files</Filter>
    </ClCompile>
    <ClCompile Include="src\Platform.cpp">
      <Filter>Source Files</Filter>
    </ClCompile>
    <ClCompile Include="src\fastcgi\fcgiapp.c">
      <Filter>Source Files\fastcgi</Filter>
    </ClCompile>
    <ClCompile Include="src\fastcgi\os_win32.c">
      <Filter>Source Files\fastcgi</Filter>
    </ClCompile>
    <ClCompile Include="src\sqlite\sqlite3.c">
      <Filter>Source Files\sqlite</Filter>
    </ClCompile>
  </ItemGroup>
  <ItemGroup>
    <ClInclude Include="include\Logging.h">
      <Filter>Header Files</Filter>
    </ClInclude>
    <ClInclude Include="include\Parameters.h">
      <Filter>Header Files</Filter>
    </ClInclude>
    <ClInclude Include="include\Platform.h">
      <Filter>Header Files</Filter>
    </ClInclude>
    <ClInclude Include="include\Socket.h">
      <Filter>Header Files</Filter>
    </ClInclude>
    <ClInclude Include="include\Gallery.h">
      <Filter>Header Files</Filter>
    </ClInclude>
    <ClInclude Include="include\FileSystem.h">
      <Filter>Header Files</Filter>
    </ClInclude>
    <ClInclude Include="include\Server.h">
      <Filter>Header Files</Filter>
    </ClInclude>
    <ClInclude Include="include\fastcgi\fastcgi.h">
      <Filter>Header Files\fastcgi</Filter>
    </ClInclude>
    <ClInclude Include="include\fastcgi\fcgi_config.h">
      <Filter>Header Files\fastcgi</Filter>
    </ClInclude>
    <ClInclude Include="include\fastcgi\fcgiapp.h">
      <Filter>Header Files\fastcgi</Filter>
    </ClInclude>
    <ClInclude Include="include\fastcgi\fcgimisc.h">
      <Filter>Header Files\fastcgi</Filter>
    </ClInclude>
    <ClInclude Include="include\fastcgi\fcgios.h">
      <Filter>Header Files\fastcgi</Filter>
    </ClInclude>
    <ClInclude Include="include\rapidjson\document.h">
      <Filter>Header Files\rapidjson</Filter>
    </ClInclude>
    <ClInclude Include="include\rapidjson\filestream.h">
      <Filter>Header Files\rapidjson</Filter>
    </ClInclude>
    <ClInclude Include="include\rapidjson\prettywriter.h">
      <Filter>Header Files\rapidjson</Filter>
    </ClInclude>
    <ClInclude Include="include\rapidjson\rapidjson.h">
      <Filter>Header Files\rapidjson</Filter>
    </ClInclude>
    <ClInclude Include="include\rapidjson\stringbuffer.h">
      <Filter>Header Files\rapidjson</Filter>
    </ClInclude>
    <ClInclude Include="include\rapidjson\writer.h">
      <Filter>Header Files\rapidjson</Filter>
    </ClInclude>
    <ClInclude Include="include\rapidjson\reader.h">
      <Filter>Header Files\rapidjson</Filter>
    </ClInclude>
    <ClInclude Include="include\sqlite\sqlite3.h">
      <Filter>Header Files\sqlite</Filter>
    </ClInclude>
    <ClInclude Include="include\Database.h">
      <Filter>Header Files</Filter>
    </ClInclude>
  </ItemGroup>
</Project>