<?xml version="1.0" encoding="utf-8"?>
<Project ToolsVersion="4.0" xmlns="http://schemas.microsoft.com/developer/msbuild/2003">
  <ItemGroup>
    <Filter Include="Source Files">
      <UniqueIdentifier>{4FC737F1-C7A5-4376-A066-2A32D752A2FF}</UniqueIdentifier>
      <Extensions>cpp;c;cc;cxx;def;odl;idl;hpj;bat;asm;asmx</Extensions>
    </Filter>
    <Filter Include="Header Files">
      <UniqueIdentifier>{93995380-89BD-4b04-88EB-625FBE52EBFB}</UniqueIdentifier>
      <Extensions>h;hpp;hxx;hm;inl;inc;xsd</Extensions>
    </Filter>
    <Filter Include="Resource Files">
      <UniqueIdentifier>{67DA6AB6-F800-4c08-8B7A-83BB121AAD01}</UniqueIdentifier>
      <Extensions>rc;ico;cur;bmp;dlg;rc2;rct;bin;rgs;gif;jpg;jpeg;jpe;resx;tiff;tif;png;wav;mfcribbon-ms</Extensions>
    </Filter>
    <Filter Include="Header Files\sqlite">
      <UniqueIdentifier>{7818dd87-d3a0-472e-bbc9-ccc1eaf9dddb}</UniqueIdentifier>
    </Filter>
    <Filter Include="Header Files\fastcgi">
      <UniqueIdentifier>{9473f955-6f68-4a66-99df-49d83a720606}</UniqueIdentifier>
    </Filter>
    <Filter Include="Header Files\rapidjson">
      <UniqueIdentifier>{b6575db0-38f7-4f0c-9f25-29525809e809}</UniqueIdentifier>
    </Filter>
    <Filter Include="Source Files\sqlite">
      <UniqueIdentifier>{7608f7b6-5834-4e75-b4f0-c0564cf38952}</UniqueIdentifier>
    </Filter>
    <Filter Include="Source Files\fastcgi">
      <UniqueIdentifier>{ef0c2b2f-dd7e-4f44-b097-d1604ecd8341}</UniqueIdentifier>
    </Filter>
    <Filter Include="Header Files\b64">
      <UniqueIdentifier>{6933669d-6f6a-469d-9741-1e97f6d1a036}</UniqueIdentifier>
    </Filter>
    <Filter Include="Source Files\b64">
      <UniqueIdentifier>{bcfbdaf8-bc49-46ae-a35e-ff2bbe754fb7}</UniqueIdentifier>
    </Filter>
    <Filter Include="Header Files\magick++">
      <UniqueIdentifier>{d5a5b110-b489-4327-8c06-b6f59f3b342f}</UniqueIdentifier>
    </Filter>
    <Filter Include="Header Files\magick">
      <UniqueIdentifier>{b85a8fbf-6c15-4983-aca1-652c1bee919c}</UniqueIdentifier>
    </Filter>
  </ItemGroup>
  <ItemGroup>
    <ClCompile Include="src\Logging.cpp">
      <Filter>Source Files</Filter>
    </ClCompile>
    <ClCompile Include="src\Parameters.cpp">
      <Filter>Source Files</Filter>
    </ClCompile>
    <ClCompile Include="src\Socket.cpp">
      <Filter>Source Files</Filter>
    </ClCompile>
    <ClCompile Include="src\Gallery.cpp">
      <Filter>Source Files</Filter>
    </ClCompile>
    <ClCompile Include="src\FileSystem.cpp">
      <Filter>Source Files</Filter>
    </ClCompile>
    <ClCompile Include="src\Server.cpp">
      <Filter>Source Files</Filter>
    </ClCompile>
    <ClCompile Include="src\Internal.cpp">
      <Filter>Source Files</Filter>
    </ClCompile>
    <ClCompile Include="src\main.cpp">
      <Filter>Source Files</Filter>
    </ClCompile>
    <ClCompile Include="src\Platform.cpp">
      <Filter>Source Files</Filter>
    </ClCompile>
    <ClCompile Include="src\fastcgi\fcgiapp.c">
      <Filter>Source Files\fastcgi</Filter>
    </ClCompile>
    <ClCompile Include="src\fastcgi\os_win32.c">
      <Filter>Source Files\fastcgi</Filter>
    </ClCompile>
    <ClCompile Include="src\sqlite\sqlite3.c">
      <Filter>Source Files\sqlite</Filter>
    </ClCompile>
    <ClCompile Include="src\Database.cpp">
      <Filter>Source Files</Filter>
    </ClCompile>
    <ClCompile Include="src\Serializer.cpp">
      <Filter>Source Files</Filter>
    </ClCompile>
    <ClCompile Include="src\b64\cdecode.c">
      <Filter>Source Files\b64</Filter>
    </ClCompile>
  </ItemGroup>
  <ItemGroup>
    <ClInclude Include="include\Logging.h">
      <Filter>Header Files</Filter>
    </ClInclude>
    <ClInclude Include="include\Parameters.h">
      <Filter>Header Files</Filter>
    </ClInclude>
    <ClInclude Include="include\Platform.h">
      <Filter>Header Files</Filter>
    </ClInclude>
    <ClInclude Include="include\Socket.h">
      <Filter>Header Files</Filter>
    </ClInclude>
    <ClInclude Include="include\Gallery.h">
      <Filter>Header Files</Filter>
    </ClInclude>
    <ClInclude Include="include\FileSystem.h">
      <Filter>Header Files</Filter>
    </ClInclude>
    <ClInclude Include="include\Server.h">
      <Filter>Header Files</Filter>
    </ClInclude>
    <ClInclude Include="include\fastcgi\fastcgi.h">
      <Filter>Header Files\fastcgi</Filter>
    </ClInclude>
    <ClInclude Include="include\fastcgi\fcgi_config.h">
      <Filter>Header Files\fastcgi</Filter>
    </ClInclude>
    <ClInclude Include="include\fastcgi\fcgiapp.h">
      <Filter>Header Files\fastcgi</Filter>
    </ClInclude>
    <ClInclude Include="include\fastcgi\fcgimisc.h">
      <Filter>Header Files\fastcgi</Filter>
    </ClInclude>
    <ClInclude Include="include\fastcgi\fcgios.h">
      <Filter>Header Files\fastcgi</Filter>
    </ClInclude>
    <ClInclude Include="include\rapidjson\document.h">
      <Filter>Header Files\rapidjson</Filter>
    </ClInclude>
    <ClInclude Include="include\rapidjson\filestream.h">
      <Filter>Header Files\rapidjson</Filter>
    </ClInclude>
    <ClInclude Include="include\rapidjson\prettywriter.h">
      <Filter>Header Files\rapidjson</Filter>
    </ClInclude>
    <ClInclude Include="include\rapidjson\rapidjson.h">
      <Filter>Header Files\rapidjson</Filter>
    </ClInclude>
    <ClInclude Include="include\rapidjson\stringbuffer.h">
      <Filter>Header Files\rapidjson</Filter>
    </ClInclude>
    <ClInclude Include="include\rapidjson\writer.h">
      <Filter>Header Files\rapidjson</Filter>
    </ClInclude>
    <ClInclude Include="include\rapidjson\reader.h">
      <Filter>Header Files\rapidjson</Filter>
    </ClInclude>
    <ClInclude Include="include\sqlite\sqlite3.h">
      <Filter>Header Files\sqlite</Filter>
    </ClInclude>
    <ClInclude Include="include\Database.h">
      <Filter>Header Files</Filter>
    </ClInclude>
    <ClInclude Include="include\Serializer.h">
      <Filter>Header Files</Filter>
    </ClInclude>
    <ClInclude Include="include\b64\cdecode.h">
      <Filter>Header Files\b64</Filter>
    </ClInclude>
    <ClInclude Include="include\b64\decode.h">
      <Filter>Header Files\b64</Filter>
    </ClInclude>
    <ClInclude Include="include\Magick++.h">
      <Filter>Header Files\magick++</Filter>
    </ClInclude>
    <ClInclude Include="include\Magick++\Blob.h">
      <Filter>Header Files\magick++</Filter>
    </ClInclude>
    <ClInclude Include="include\Magick++\BlobRef.h">
      <Filter>Header Files\magick++</Filter>
    </ClInclude>
    <ClInclude Include="include\Magick++\CoderInfo.h">
      <Filter>Header Files\magick++</Filter>
    </ClInclude>
    <ClInclude Include="include\Magick++\Color.h">
      <Filter>Header Files\magick++</Filter>
    </ClInclude>
    <ClInclude Include="include\Magick++\Drawable.h">
      <Filter>Header Files\magick++</Filter>
    </ClInclude>
    <ClInclude Include="include\Magick++\Exception.h">
      <Filter>Header Files\magick++</Filter>
    </ClInclude>
    <ClInclude Include="include\Magick++\Functions.h">
      <Filter>Header Files\magick++</Filter>
    </ClInclude>
    <ClInclude Include="include\Magick++\Geometry.h">
      <Filter>Header Files\magick++</Filter>
    </ClInclude>
    <ClInclude Include="include\Magick++\Image.h">
      <Filter>Header Files\magick++</Filter>
    </ClInclude>
    <ClInclude Include="include\Magick++\ImageRef.h">
      <Filter>Header Files\magick++</Filter>
    </ClInclude>
    <ClInclude Include="include\Magick++\Include.h">
      <Filter>Header Files\magick++</Filter>
    </ClInclude>
    <ClInclude Include="include\Magick++\Montage.h">
      <Filter>Header Files\magick++</Filter>
    </ClInclude>
    <ClInclude Include="include\Magick++\Options.h">
      <Filter>Header Files\magick++</Filter>
    </ClInclude>
    <ClInclude Include="include\Magick++\Pixels.h">
      <Filter>Header Files\magick++</Filter>
    </ClInclude>
    <ClInclude Include="include\Magick++\STL.h">
      <Filter>Header Files\magick++</Filter>
    </ClInclude>
    <ClInclude Include="include\Magick++\Thread.h">
      <Filter>Header Files\magick++</Filter>
    </ClInclude>
    <ClInclude Include="include\Magick++\TypeMetric.h">
      <Filter>Header Files\magick++</Filter>
    </ClInclude>
    <ClInclude Include="include\magick\alpha_composite.h">
      <Filter>Header Files\magick</Filter>
    </ClInclude>
    <ClInclude Include="include\magick\analyze.h">
      <Filter>Header Files\magick</Filter>
    </ClInclude>
    <ClInclude Include="include\magick\animate.h">
      <Filter>Header Files\magick</Filter>
    </ClInclude>
    <ClInclude Include="include\magick\api.h">
      <Filter>Header Files\magick</Filter>
    </ClInclude>
    <ClInclude Include="include\magick\attribute.h">
      <Filter>Header Files\magick</Filter>
    </ClInclude>
    <ClInclude Include="include\magick\average.h">
      <Filter>Header Files\magick</Filter>
    </ClInclude>
    <ClInclude Include="include\magick\bit_stream.h">
      <Filter>Header Files\magick</Filter>
    </ClInclude>
    <ClInclude Include="include\magick\blob.h">
      <Filter>Header Files\magick</Filter>
    </ClInclude>
    <ClInclude Include="include\magick\cdl.h">
      <Filter>Header Files\magick</Filter>
    </ClInclude>
    <ClInclude Include="include\magick\channel.h">
      <Filter>Header Files\magick</Filter>
    </ClInclude>
    <ClInclude Include="include\magick\color.h">
      <Filter>Header Files\magick</Filter>
    </ClInclude>
    <ClInclude Include="include\magick\color_lookup.h">
      <Filter>Header Files\magick</Filter>
    </ClInclude>
    <ClInclude Include="include\magick\colormap.h">
      <Filter>Header Files\magick</Filter>
    </ClInclude>
    <ClInclude Include="include\magick\colorspace.h">
      <Filter>Header Files\magick</Filter>
    </ClInclude>
    <ClInclude Include="include\magick\command.h">
      <Filter>Header Files\magick</Filter>
    </ClInclude>
    <ClInclude Include="include\magick\common.h">
      <Filter>Header Files\magick</Filter>
    </ClInclude>
    <ClInclude Include="include\magick\compare.h">
      <Filter>Header Files\magick</Filter>
    </ClInclude>
    <ClInclude Include="include\magick\composite.h">
      <Filter>Header Files\magick</Filter>
    </ClInclude>
    <ClInclude Include="include\magick\compress.h">
      <Filter>Header Files\magick</Filter>
    </ClInclude>
    <ClInclude Include="include\magick\confirm_access.h">
      <Filter>Header Files\magick</Filter>
    </ClInclude>
    <ClInclude Include="include\magick\constitute.h">
      <Filter>Header Files\magick</Filter>
    </ClInclude>
    <ClInclude Include="include\magick\decorate.h">
      <Filter>Header Files\magick</Filter>
    </ClInclude>
    <ClInclude Include="include\magick\delegate.h">
      <Filter>Header Files\magick</Filter>
    </ClInclude>
    <ClInclude Include="include\magick\deprecate.h">
      <Filter>Header Files\magick</Filter>
    </ClInclude>
    <ClInclude Include="include\magick\describe.h">
      <Filter>Header Files\magick</Filter>
    </ClInclude>
    <ClInclude Include="include\magick\display.h">
      <Filter>Header Files\magick</Filter>
    </ClInclude>
    <ClInclude Include="include\magick\draw.h">
      <Filter>Header Files\magick</Filter>
    </ClInclude>
    <ClInclude Include="include\magick\effect.h">
      <Filter>Header Files\magick</Filter>
    </ClInclude>
    <ClInclude Include="include\magick\enhance.h">
      <Filter>Header Files\magick</Filter>
    </ClInclude>
    <ClInclude Include="include\magick\enum_strings.h">
      <Filter>Header Files\magick</Filter>
    </ClInclude>
    <ClInclude Include="include\magick\error.h">
      <Filter>Header Files\magick</Filter>
    </ClInclude>
    <ClInclude Include="include\magick\floats.h">
      <Filter>Header Files\magick</Filter>
    </ClInclude>
    <ClInclude Include="include\magick\forward.h">
      <Filter>Header Files\magick</Filter>
    </ClInclude>
    <ClInclude Include="include\magick\fx.h">
      <Filter>Header Files\magick</Filter>
    </ClInclude>
    <ClInclude Include="include\magick\gem.h">
      <Filter>Header Files\magick</Filter>
    </ClInclude>
    <ClInclude Include="include\magick\gradient.h">
      <Filter>Header Files\magick</Filter>
    </ClInclude>
    <ClInclude Include="include\magick\hclut.h">
      <Filter>Header Files\magick</Filter>
    </ClInclude>
    <ClInclude Include="include\magick\image.h">
      <Filter>Header Files\magick</Filter>
    </ClInclude>
    <ClInclude Include="include\magick\list.h">
      <Filter>Header Files\magick</Filter>
    </ClInclude>
    <ClInclude Include="include\magick\locale_c.h">
      <Filter>Header Files\magick</Filter>
    </ClInclude>
    <ClInclude Include="include\magick\log.h">
      <Filter>Header Files\magick</Filter>
    </ClInclude>
    <ClInclude Include="include\magick\magic.h">
      <Filter>Header Files\magick</Filter>
    </ClInclude>
    <ClInclude Include="include\magick\magick.h">
      <Filter>Header Files\magick</Filter>
    </ClInclude>
    <ClInclude Include="include\magick\magick_config.h">
      <Filter>Header Files\magick</Filter>
    </ClInclude>
    <ClInclude Include="include\magick\magick_endian.h">
      <Filter>Header Files\magick</Filter>
    </ClInclude>
    <ClInclude Include="include\magick\magick_types.h">
      <Filter>Header Files\magick</Filter>
    </ClInclude>
    <ClInclude Include="include\magick\map.h">
      <Filter>Header Files\magick</Filter>
    </ClInclude>
    <ClInclude Include="include\magick\memory.h">
      <Filter>Header Files\magick</Filter>
    </ClInclude>
    <ClInclude Include="include\magick\module.h">
      <Filter>Header Files\magick</Filter>
    </ClInclude>
    <ClInclude Include="include\magick\monitor.h">
      <Filter>Header Files\magick</Filter>
    </ClInclude>
    <ClInclude Include="include\magick\montage.h">
      <Filter>Header Files\magick</Filter>
    </ClInclude>
    <ClInclude Include="include\magick\nt_base.h">
      <Filter>Header Files\magick</Filter>
    </ClInclude>
    <ClInclude Include="include\magick\nt_feature.h">
      <Filter>Header Files\magick</Filter>
    </ClInclude>
    <ClInclude Include="include\magick\omp_data_view.h">
      <Filter>Header Files\magick</Filter>
    </ClInclude>
    <ClInclude Include="include\magick\operator.h">
      <Filter>Header Files\magick</Filter>
    </ClInclude>
    <ClInclude Include="include\magick\paint.h">
      <Filter>Header Files\magick</Filter>
    </ClInclude>
    <ClInclude Include="include\magick\pixel_cache.h">
      <Filter>Header Files\magick</Filter>
    </ClInclude>
    <ClInclude Include="include\magick\pixel_iterator.h">
      <Filter>Header Files\magick</Filter>
    </ClInclude>
    <ClInclude Include="include\magick\plasma.h">
      <Filter>Header Files\magick</Filter>
    </ClInclude>
    <ClInclude Include="include\magick\prefetch.h">
      <Filter>Header Files\magick</Filter>
    </ClInclude>
    <ClInclude Include="include\magick\PreRvIcccm.h">
      <Filter>Header Files\magick</Filter>
    </ClInclude>
    <ClInclude Include="include\magick\profile.h">
      <Filter>Header Files\magick</Filter>
    </ClInclude>
    <ClInclude Include="include\magick\quantize.h">
      <Filter>Header Files\magick</Filter>
    </ClInclude>
    <ClInclude Include="include\magick\random.h">
      <Filter>Header Files\magick</Filter>
    </ClInclude>
    <ClInclude Include="include\magick\registry.h">
      <Filter>Header Files\magick</Filter>
    </ClInclude>
    <ClInclude Include="include\magick\render.h">
      <Filter>Header Files\magick</Filter>
    </ClInclude>
    <ClInclude Include="include\magick\resize.h">
      <Filter>Header Files\magick</Filter>
    </ClInclude>
    <ClInclude Include="include\magick\resource.h">
      <Filter>Header Files\magick</Filter>
    </ClInclude>
    <ClInclude Include="include\magick\semaphore.h">
      <Filter>Header Files\magick</Filter>
    </ClInclude>
    <ClInclude Include="include\magick\shear.h">
      <Filter>Header Files\magick</Filter>
    </ClInclude>
    <ClInclude Include="include\magick\signature.h">
      <Filter>Header Files\magick</Filter>
    </ClInclude>
    <ClInclude Include="include\magick\spinlock.h">
      <Filter>Header Files\magick</Filter>
    </ClInclude>
    <ClInclude Include="include\magick\stamp.h">
      <Filter>Header Files\magick</Filter>
    </ClInclude>
    <ClInclude Include="include\magick\static.h">
      <Filter>Header Files\magick</Filter>
    </ClInclude>
    <ClInclude Include="include\magick\statistics.h">
      <Filter>Header Files\magick</Filter>
    </ClInclude>
    <ClInclude Include="include\magick\studio.h">
      <Filter>Header Files\magick</Filter>
    </ClInclude>
    <ClInclude Include="include\magick\symbols.h">
      <Filter>Header Files\magick</Filter>
    </ClInclude>
    <ClInclude Include="include\magick\tempfile.h">
      <Filter>Header Files\magick</Filter>
    </ClInclude>
    <ClInclude Include="include\magick\texture.h">
      <Filter>Header Files\magick</Filter>
    </ClInclude>
    <ClInclude Include="include\magick\timer.h">
      <Filter>Header Files\magick</Filter>
    </ClInclude>
    <ClInclude Include="include\magick\transform.h">
      <Filter>Header Files\magick</Filter>
    </ClInclude>
    <ClInclude Include="include\magick\tsd.h">
      <Filter>Header Files\magick</Filter>
    </ClInclude>
    <ClInclude Include="include\magick\type.h">
      <Filter>Header Files\magick</Filter>
    </ClInclude>
    <ClInclude Include="include\magick\unix_port.h">
      <Filter>Header Files\magick</Filter>
    </ClInclude>
    <ClInclude Include="include\magick\utility.h">
      <Filter>Header Files\magick</Filter>
    </ClInclude>
    <ClInclude Include="include\magick\version.h">
      <Filter>Header Files\magick</Filter>
    </ClInclude>
    <ClInclude Include="include\magick\widget.h">
      <Filter>Header Files\magick</Filter>
    </ClInclude>
    <ClInclude Include="include\magick\xwindow.h">
      <Filter>Header Files\magick</Filter>
    </ClInclude>
  </ItemGroup>
</Project>