<?xml version="1.0" encoding="utf-8"?>
<Project ToolsVersion="4.0" xmlns="http://schemas.microsoft.com/developer/msbuild/2003">
  <ItemGroup>
    <Filter Include="Source Files">
      <UniqueIdentifier>{4FC737F1-C7A5-4376-A066-2A32D752A2FF}</UniqueIdentifier>
      <Extensions>cpp;c;cc;cxx;def;odl;idl;hpj;bat;asm;asmx</Extensions>
    </Filter>
    <Filter Include="Header Files">
      <UniqueIdentifier>{93995380-89BD-4b04-88EB-625FBE52EBFB}</UniqueIdentifier>
      <Extensions>h;hpp;hxx;hm;inl;inc;xsd</Extensions>
    </Filter>
    <Filter Include="Resource Files">
      <UniqueIdentifier>{67DA6AB6-F800-4c08-8B7A-83BB121AAD01}</UniqueIdentifier>
      <Extensions>rc;ico;cur;bmp;dlg;rc2;rct;bin;rgs;gif;jpg;jpeg;jpe;resx;tiff;tif;png;wav;mfcribbon-ms</Extensions>
    </Filter>
    <Filter Include="Header Files\sqlite">
      <UniqueIdentifier>{7818dd87-d3a0-472e-bbc9-ccc1eaf9dddb}</UniqueIdentifier>
    </Filter>
    <Filter Include="Header Files\fastcgi">
      <UniqueIdentifier>{9473f955-6f68-4a66-99df-49d83a720606}</UniqueIdentifier>
    </Filter>
    <Filter Include="Header Files\rapidjson">
      <UniqueIdentifier>{b6575db0-38f7-4f0c-9f25-29525809e809}</UniqueIdentifier>
    </Filter>
    <Filter Include="Source Files\sqlite">
      <UniqueIdentifier>{7608f7b6-5834-4e75-b4f0-c0564cf38952}</UniqueIdentifier>
    </Filter>
    <Filter Include="Source Files\fastcgi">
      <UniqueIdentifier>{ef0c2b2f-dd7e-4f44-b097-d1604ecd8341}</UniqueIdentifier>
    </Filter>
    <Filter Include="Header Files\b64">
      <UniqueIdentifier>{6933669d-6f6a-469d-9741-1e97f6d1a036}</UniqueIdentifier>
    </Filter>
    <Filter Include="Source Files\b64">
      <UniqueIdentifier>{bcfbdaf8-bc49-46ae-a35e-ff2bbe754fb7}</UniqueIdentifier>
    </Filter>
    <Filter Include="zlib">
      <UniqueIdentifier>{6bd8afe5-1b75-4c01-a1bc-925a75ab93f6}</UniqueIdentifier>
    </Filter>
    <Filter Include="Source Files\zlib">
      <UniqueIdentifier>{3eb62cfd-0566-4e91-a1e3-bf039f2ca9f2}</UniqueIdentifier>
    </Filter>
    <Filter Include="Header Files\lpng">
      <UniqueIdentifier>{c31709b7-9f90-47e4-bf3a-ac1a70baaa80}</UniqueIdentifier>
    </Filter>
    <Filter Include="Source Files\jpeg">
      <UniqueIdentifier>{21654ff6-86e3-47b8-ac69-1b5d8596e83f}</UniqueIdentifier>
    </Filter>
    <Filter Include="Source Files\lpng">
      <UniqueIdentifier>{5bf94894-2981-411f-a9b3-f64477627dae}</UniqueIdentifier>
    </Filter>
    <Filter Include="Header Files\jpeg">
      <UniqueIdentifier>{b7602135-4b18-466e-b24a-5e48d6c818f2}</UniqueIdentifier>
    </Filter>
  </ItemGroup>
  <ItemGroup>
    <ClCompile Include="src\Logging.cpp">
      <Filter>Source Files</Filter>
    </ClCompile>
    <ClCompile Include="src\Parameters.cpp">
      <Filter>Source Files</Filter>
    </ClCompile>
    <ClCompile Include="src\Socket.cpp">
      <Filter>Source Files</Filter>
    </ClCompile>
    <ClCompile Include="src\Gallery.cpp">
      <Filter>Source Files</Filter>
    </ClCompile>
    <ClCompile Include="src\FileSystem.cpp">
      <Filter>Source Files</Filter>
    </ClCompile>
    <ClCompile Include="src\Server.cpp">
      <Filter>Source Files</Filter>
    </ClCompile>
    <ClCompile Include="src\Internal.cpp">
      <Filter>Source Files</Filter>
    </ClCompile>
    <ClCompile Include="src\main.cpp">
      <Filter>Source Files</Filter>
    </ClCompile>
    <ClCompile Include="src\Platform.cpp">
      <Filter>Source Files</Filter>
    </ClCompile>
    <ClCompile Include="src\fastcgi\fcgiapp.c">
      <Filter>Source Files\fastcgi</Filter>
    </ClCompile>
    <ClCompile Include="src\fastcgi\os_win32.c">
      <Filter>Source Files\fastcgi</Filter>
    </ClCompile>
    <ClCompile Include="src\sqlite\sqlite3.c">
      <Filter>Source Files\sqlite</Filter>
    </ClCompile>
    <ClCompile Include="src\Database.cpp">
      <Filter>Source Files</Filter>
    </ClCompile>
    <ClCompile Include="src\Serializer.cpp">
      <Filter>Source Files</Filter>
    </ClCompile>
    <ClCompile Include="src\b64\cdecode.c">
      <Filter>Source Files\b64</Filter>
    </ClCompile>
    <ClCompile Include="src\lpng\png.c">
      <Filter>Source Files\lpng</Filter>
    </ClCompile>
    <ClCompile Include="src\lpng\pngerror.c">
      <Filter>Source Files\lpng</Filter>
    </ClCompile>
    <ClCompile Include="src\lpng\pngget.c">
      <Filter>Source Files\lpng</Filter>
    </ClCompile>
    <ClCompile Include="src\lpng\pngmem.c">
      <Filter>Source Files\lpng</Filter>
    </ClCompile>
    <ClCompile Include="src\lpng\pngpread.c">
      <Filter>Source Files\lpng</Filter>
    </ClCompile>
    <ClCompile Include="src\lpng\pngread.c">
      <Filter>Source Files\lpng</Filter>
    </ClCompile>
    <ClCompile Include="src\lpng\pngrio.c">
      <Filter>Source Files\lpng</Filter>
    </ClCompile>
    <ClCompile Include="src\lpng\pngrtran.c">
      <Filter>Source Files\lpng</Filter>
    </ClCompile>
    <ClCompile Include="src\lpng\pngrutil.c">
      <Filter>Source Files\lpng</Filter>
    </ClCompile>
    <ClCompile Include="src\lpng\pngset.c">
      <Filter>Source Files\lpng</Filter>
    </ClCompile>
    <ClCompile Include="src\lpng\pngtrans.c">
      <Filter>Source Files\lpng</Filter>
    </ClCompile>
    <ClCompile Include="src\lpng\pngwio.c">
      <Filter>Source Files\lpng</Filter>
    </ClCompile>
    <ClCompile Include="src\lpng\pngwrite.c">
      <Filter>Source Files\lpng</Filter>
    </ClCompile>
    <ClCompile Include="src\lpng\pngwtran.c">
      <Filter>Source Files\lpng</Filter>
    </ClCompile>
    <ClCompile Include="src\lpng\pngwutil.c">
      <Filter>Source Files\lpng</Filter>
    </ClCompile>
    <ClCompile Include="src\zlib\adler32.c">
      <Filter>Source Files\zlib</Filter>
    </ClCompile>
    <ClCompile Include="src\zlib\compress.c">
      <Filter>Source Files\zlib</Filter>
    </ClCompile>
    <ClCompile Include="src\zlib\crc32.c">
      <Filter>Source Files\zlib</Filter>
    </ClCompile>
    <ClCompile Include="src\zlib\deflate.c">
      <Filter>Source Files\zlib</Filter>
    </ClCompile>
    <ClCompile Include="src\zlib\gzclose.c">
      <Filter>Source Files\zlib</Filter>
    </ClCompile>
    <ClCompile Include="src\zlib\gzlib.c">
      <Filter>Source Files\zlib</Filter>
    </ClCompile>
    <ClCompile Include="src\zlib\gzread.c">
      <Filter>Source Files\zlib</Filter>
    </ClCompile>
    <ClCompile Include="src\zlib\gzwrite.c">
      <Filter>Source Files\zlib</Filter>
    </ClCompile>
    <ClCompile Include="src\zlib\infback.c">
      <Filter>Source Files\zlib</Filter>
    </ClCompile>
    <ClCompile Include="src\zlib\inffast.c">
      <Filter>Source Files\zlib</Filter>
    </ClCompile>
    <ClCompile Include="src\zlib\inflate.c">
      <Filter>Source Files\zlib</Filter>
    </ClCompile>
    <ClCompile Include="src\zlib\inftrees.c">
      <Filter>Source Files\zlib</Filter>
    </ClCompile>
    <ClCompile Include="src\zlib\trees.c">
      <Filter>Source Files\zlib</Filter>
    </ClCompile>
    <ClCompile Include="src\zlib\uncompr.c">
      <Filter>Source Files\zlib</Filter>
    </ClCompile>
    <ClCompile Include="src\zlib\zutil.c">
      <Filter>Source Files\zlib</Filter>
    </ClCompile>
    <ClCompile Include="src\Image.cpp">
      <Filter>Source Files</Filter>
    </ClCompile>
    <ClCompile Include="src\jpeg\bmp.c">
      <Filter>Source Files\jpeg</Filter>
    </ClCompile>
    <ClCompile Include="src\jpeg\cdjpeg.c">
      <Filter>Source Files\jpeg</Filter>
    </ClCompile>
    <ClCompile Include="src\jpeg\jaricom.c">
      <Filter>Source Files\jpeg</Filter>
    </ClCompile>
    <ClCompile Include="src\jpeg\jcapimin.c">
      <Filter>Source Files\jpeg</Filter>
    </ClCompile>
    <ClCompile Include="src\jpeg\jcapistd.c">
      <Filter>Source Files\jpeg</Filter>
    </ClCompile>
    <ClCompile Include="src\jpeg\jcarith.c">
      <Filter>Source Files\jpeg</Filter>
    </ClCompile>
    <ClCompile Include="src\jpeg\jccoefct.c">
      <Filter>Source Files\jpeg</Filter>
    </ClCompile>
    <ClCompile Include="src\jpeg\jccolext.c">
      <Filter>Source Files\jpeg</Filter>
    </ClCompile>
    <ClCompile Include="src\jpeg\jccolor.c">
      <Filter>Source Files\jpeg</Filter>
    </ClCompile>
    <ClCompile Include="src\jpeg\jcdctmgr.c">
      <Filter>Source Files\jpeg</Filter>
    </ClCompile>
    <ClCompile Include="src\jpeg\jchuff.c">
      <Filter>Source Files\jpeg</Filter>
    </ClCompile>
    <ClCompile Include="src\jpeg\jcinit.c">
      <Filter>Source Files\jpeg</Filter>
    </ClCompile>
    <ClCompile Include="src\jpeg\jcmainct.c">
      <Filter>Source Files\jpeg</Filter>
    </ClCompile>
    <ClCompile Include="src\jpeg\jcmarker.c">
      <Filter>Source Files\jpeg</Filter>
    </ClCompile>
    <ClCompile Include="src\jpeg\jcmaster.c">
      <Filter>Source Files\jpeg</Filter>
    </ClCompile>
    <ClCompile Include="src\jpeg\jcomapi.c">
      <Filter>Source Files\jpeg</Filter>
    </ClCompile>
    <ClCompile Include="src\jpeg\jcparam.c">
      <Filter>Source Files\jpeg</Filter>
    </ClCompile>
    <ClCompile Include="src\jpeg\jcphuff.c">
      <Filter>Source Files\jpeg</Filter>
    </ClCompile>
    <ClCompile Include="src\jpeg\jcprepct.c">
      <Filter>Source Files\jpeg</Filter>
    </ClCompile>
    <ClCompile Include="src\jpeg\jcsample.c">
      <Filter>Source Files\jpeg</Filter>
    </ClCompile>
    <ClCompile Include="src\jpeg\jctrans.c">
      <Filter>Source Files\jpeg</Filter>
    </ClCompile>
    <ClCompile Include="src\jpeg\jdapimin.c">
      <Filter>Source Files\jpeg</Filter>
    </ClCompile>
    <ClCompile Include="src\jpeg\jdapistd.c">
      <Filter>Source Files\jpeg</Filter>
    </ClCompile>
    <ClCompile Include="src\jpeg\jdarith.c">
      <Filter>Source Files\jpeg</Filter>
    </ClCompile>
    <ClCompile Include="src\jpeg\jdatadst.c">
      <Filter>Source Files\jpeg</Filter>
    </ClCompile>
    <ClCompile Include="src\jpeg\jdatadst-tj.c">
      <Filter>Source Files\jpeg</Filter>
    </ClCompile>
    <ClCompile Include="src\jpeg\jdatasrc.c">
      <Filter>Source Files\jpeg</Filter>
    </ClCompile>
    <ClCompile Include="src\jpeg\jdatasrc-tj.c">
      <Filter>Source Files\jpeg</Filter>
    </ClCompile>
    <ClCompile Include="src\jpeg\jdcoefct.c">
      <Filter>Source Files\jpeg</Filter>
    </ClCompile>
    <ClCompile Include="src\jpeg\jdcolext.c">
      <Filter>Source Files\jpeg</Filter>
    </ClCompile>
    <ClCompile Include="src\jpeg\jdcolor.c">
      <Filter>Source Files\jpeg</Filter>
    </ClCompile>
    <ClCompile Include="src\jpeg\jddctmgr.c">
      <Filter>Source Files\jpeg</Filter>
    </ClCompile>
    <ClCompile Include="src\jpeg\jdhuff.c">
      <Filter>Source Files\jpeg</Filter>
    </ClCompile>
    <ClCompile Include="src\jpeg\jdinput.c">
      <Filter>Source Files\jpeg</Filter>
    </ClCompile>
    <ClCompile Include="src\jpeg\jdmainct.c">
      <Filter>Source Files\jpeg</Filter>
    </ClCompile>
    <ClCompile Include="src\jpeg\jdmarker.c">
      <Filter>Source Files\jpeg</Filter>
    </ClCompile>
    <ClCompile Include="src\jpeg\jdmaster.c">
      <Filter>Source Files\jpeg</Filter>
    </ClCompile>
    <ClCompile Include="src\jpeg\jdmerge.c">
      <Filter>Source Files\jpeg</Filter>
    </ClCompile>
    <ClCompile Include="src\jpeg\jdmrgext.c">
      <Filter>Source Files\jpeg</Filter>
    </ClCompile>
    <ClCompile Include="src\jpeg\jdphuff.c">
      <Filter>Source Files\jpeg</Filter>
    </ClCompile>
    <ClCompile Include="src\jpeg\jdpostct.c">
      <Filter>Source Files\jpeg</Filter>
    </ClCompile>
    <ClCompile Include="src\jpeg\jdsample.c">
      <Filter>Source Files\jpeg</Filter>
    </ClCompile>
    <ClCompile Include="src\jpeg\jerror.c">
      <Filter>Source Files\jpeg</Filter>
    </ClCompile>
    <ClCompile Include="src\jpeg\jfdctflt.c">
      <Filter>Source Files\jpeg</Filter>
    </ClCompile>
    <ClCompile Include="src\jpeg\jfdctfst.c">
      <Filter>Source Files\jpeg</Filter>
    </ClCompile>
    <ClCompile Include="src\jpeg\jfdctint.c">
      <Filter>Source Files\jpeg</Filter>
    </ClCompile>
    <ClCompile Include="src\jpeg\jidctflt.c">
      <Filter>Source Files\jpeg</Filter>
    </ClCompile>
    <ClCompile Include="src\jpeg\jidctfst.c">
      <Filter>Source Files\jpeg</Filter>
    </ClCompile>
    <ClCompile Include="src\jpeg\jidctint.c">
      <Filter>Source Files\jpeg</Filter>
    </ClCompile>
    <ClCompile Include="src\jpeg\jidctred.c">
      <Filter>Source Files\jpeg</Filter>
    </ClCompile>
    <ClCompile Include="src\jpeg\jmemmgr.c">
      <Filter>Source Files\jpeg</Filter>
    </ClCompile>
    <ClCompile Include="src\jpeg\jmemnobs.c">
      <Filter>Source Files\jpeg</Filter>
    </ClCompile>
    <ClCompile Include="src\jpeg\jquant1.c">
      <Filter>Source Files\jpeg</Filter>
    </ClCompile>
    <ClCompile Include="src\jpeg\jquant2.c">
      <Filter>Source Files\jpeg</Filter>
    </ClCompile>
    <ClCompile Include="src\jpeg\jsimd_none.c">
      <Filter>Source Files\jpeg</Filter>
    </ClCompile>
    <ClCompile Include="src\jpeg\jutils.c">
      <Filter>Source Files\jpeg</Filter>
    </ClCompile>
    <ClCompile Include="src\jpeg\rdbmp.c">
      <Filter>Source Files\jpeg</Filter>
    </ClCompile>
    <ClCompile Include="src\jpeg\rdcolmap.c">
      <Filter>Source Files\jpeg</Filter>
    </ClCompile>
    <ClCompile Include="src\jpeg\rdgif.c">
      <Filter>Source Files\jpeg</Filter>
    </ClCompile>
    <ClCompile Include="src\jpeg\rdppm.c">
      <Filter>Source Files\jpeg</Filter>
    </ClCompile>
    <ClCompile Include="src\jpeg\rdrle.c">
      <Filter>Source Files\jpeg</Filter>
    </ClCompile>
    <ClCompile Include="src\jpeg\rdswitch.c">
      <Filter>Source Files\jpeg</Filter>
    </ClCompile>
    <ClCompile Include="src\jpeg\rdtarga.c">
      <Filter>Source Files\jpeg</Filter>
    </ClCompile>
    <ClCompile Include="src\jpeg\tjutil.c">
      <Filter>Source Files\jpeg</Filter>
    </ClCompile>
    <ClCompile Include="src\jpeg\transupp.c">
      <Filter>Source Files\jpeg</Filter>
    </ClCompile>
    <ClCompile Include="src\jpeg\turbojpeg.c">
      <Filter>Source Files\jpeg</Filter>
    </ClCompile>
    <ClCompile Include="src\jpeg\wrbmp.c">
      <Filter>Source Files\jpeg</Filter>
    </ClCompile>
    <ClCompile Include="src\jpeg\wrgif.c">
      <Filter>Source Files\jpeg</Filter>
    </ClCompile>
    <ClCompile Include="src\jpeg\wrppm.c">
      <Filter>Source Files\jpeg</Filter>
    </ClCompile>
    <ClCompile Include="src\jpeg\wrrle.c">
      <Filter>Source Files\jpeg</Filter>
    </ClCompile>
    <ClCompile Include="src\jpeg\wrtarga.c">
      <Filter>Source Files\jpeg</Filter>
    </ClCompile>
    <ClCompile Include="src\jpeg\jdtrans.c">
      <Filter>Source Files\jpeg</Filter>
    </ClCompile>
  </ItemGroup>
  <ItemGroup>
    <ClInclude Include="include\Logging.h">
      <Filter>Header Files</Filter>
    </ClInclude>
    <ClInclude Include="include\Parameters.h">
      <Filter>Header Files</Filter>
    </ClInclude>
    <ClInclude Include="include\Platform.h">
      <Filter>Header Files</Filter>
    </ClInclude>
    <ClInclude Include="include\Socket.h">
      <Filter>Header Files</Filter>
    </ClInclude>
    <ClInclude Include="include\Gallery.h">
      <Filter>Header Files</Filter>
    </ClInclude>
    <ClInclude Include="include\FileSystem.h">
      <Filter>Header Files</Filter>
    </ClInclude>
    <ClInclude Include="include\Server.h">
      <Filter>Header Files</Filter>
    </ClInclude>
    <ClInclude Include="include\fastcgi\fastcgi.h">
      <Filter>Header Files\fastcgi</Filter>
    </ClInclude>
    <ClInclude Include="include\fastcgi\fcgi_config.h">
      <Filter>Header Files\fastcgi</Filter>
    </ClInclude>
    <ClInclude Include="include\fastcgi\fcgiapp.h">
      <Filter>Header Files\fastcgi</Filter>
    </ClInclude>
    <ClInclude Include="include\fastcgi\fcgimisc.h">
      <Filter>Header Files\fastcgi</Filter>
    </ClInclude>
    <ClInclude Include="include\fastcgi\fcgios.h">
      <Filter>Header Files\fastcgi</Filter>
    </ClInclude>
    <ClInclude Include="include\rapidjson\document.h">
      <Filter>Header Files\rapidjson</Filter>
    </ClInclude>
    <ClInclude Include="include\rapidjson\filestream.h">
      <Filter>Header Files\rapidjson</Filter>
    </ClInclude>
    <ClInclude Include="include\rapidjson\prettywriter.h">
      <Filter>Header Files\rapidjson</Filter>
    </ClInclude>
    <ClInclude Include="include\rapidjson\rapidjson.h">
      <Filter>Header Files\rapidjson</Filter>
    </ClInclude>
    <ClInclude Include="include\rapidjson\stringbuffer.h">
      <Filter>Header Files\rapidjson</Filter>
    </ClInclude>
    <ClInclude Include="include\rapidjson\writer.h">
      <Filter>Header Files\rapidjson</Filter>
    </ClInclude>
    <ClInclude Include="include\rapidjson\reader.h">
      <Filter>Header Files\rapidjson</Filter>
    </ClInclude>
    <ClInclude Include="include\sqlite\sqlite3.h">
      <Filter>Header Files\sqlite</Filter>
    </ClInclude>
    <ClInclude Include="include\Database.h">
      <Filter>Header Files</Filter>
    </ClInclude>
    <ClInclude Include="include\Serializer.h">
      <Filter>Header Files</Filter>
    </ClInclude>
    <ClInclude Include="include\b64\cdecode.h">
      <Filter>Header Files\b64</Filter>
    </ClInclude>
    <ClInclude Include="include\b64\decode.h">
      <Filter>Header Files\b64</Filter>
    </ClInclude>
    <ClInclude Include="include\lpng\png.h">
      <Filter>Header Files\lpng</Filter>
    </ClInclude>
    <ClInclude Include="include\lpng\pngconf.h">
      <Filter>Header Files\lpng</Filter>
    </ClInclude>
    <ClInclude Include="include\lpng\pngdebug.h">
      <Filter>Header Files\lpng</Filter>
    </ClInclude>
    <ClInclude Include="include\lpng\pnginfo.h">
      <Filter>Header Files\lpng</Filter>
    </ClInclude>
    <ClInclude Include="include\lpng\pngpriv.h">
      <Filter>Header Files\lpng</Filter>
    </ClInclude>
    <ClInclude Include="include\lpng\pngstruct.h">
      <Filter>Header Files\lpng</Filter>
    </ClInclude>
    <ClInclude Include="include\zlib\crc32.h">
      <Filter>zlib</Filter>
    </ClInclude>
    <ClInclude Include="include\zlib\deflate.h">
      <Filter>zlib</Filter>
    </ClInclude>
    <ClInclude Include="include\zlib\gzguts.h">
      <Filter>zlib</Filter>
    </ClInclude>
    <ClInclude Include="include\zlib\inffast.h">
      <Filter>zlib</Filter>
    </ClInclude>
    <ClInclude Include="include\zlib\inffixed.h">
      <Filter>zlib</Filter>
    </ClInclude>
    <ClInclude Include="include\zlib\inflate.h">
      <Filter>zlib</Filter>
    </ClInclude>
    <ClInclude Include="include\zlib\inftrees.h">
      <Filter>zlib</Filter>
    </ClInclude>
    <ClInclude Include="include\zlib\trees.h">
      <Filter>zlib</Filter>
    </ClInclude>
    <ClInclude Include="include\zlib\zconf.h">
      <Filter>zlib</Filter>
    </ClInclude>
    <ClInclude Include="include\zlib\zlib.h">
      <Filter>zlib</Filter>
    </ClInclude>
    <ClInclude Include="include\zlib\zutil.h">
      <Filter>zlib</Filter>
    </ClInclude>
    <ClInclude Include="include\lpng\pnglibconf.h">
      <Filter>Header Files\lpng</Filter>
    </ClInclude>
    <ClInclude Include="include\Image.h">
      <Filter>Header Files</Filter>
    </ClInclude>
    <ClInclude Include="include\jpeg\bmp.h">
      <Filter>Header Files\jpeg</Filter>
    </ClInclude>
    <ClInclude Include="include\jpeg\cderror.h">
      <Filter>Header Files\jpeg</Filter>
    </ClInclude>
    <ClInclude Include="include\jpeg\cdjpeg.h">
      <Filter>Header Files\jpeg</Filter>
    </ClInclude>
    <ClInclude Include="include\jpeg\config.h">
      <Filter>Header Files\jpeg</Filter>
    </ClInclude>
    <ClInclude Include="include\jpeg\jchuff.h">
      <Filter>Header Files\jpeg</Filter>
    </ClInclude>
    <ClInclude Include="include\jpeg\jconfig.h">
      <Filter>Header Files\jpeg</Filter>
    </ClInclude>
    <ClInclude Include="include\jpeg\jdct.h">
      <Filter>Header Files\jpeg</Filter>
    </ClInclude>
    <ClInclude Include="include\jpeg\jdhuff.h">
      <Filter>Header Files\jpeg</Filter>
    </ClInclude>
    <ClInclude Include="include\jpeg\jerror.h">
      <Filter>Header Files\jpeg</Filter>
    </ClInclude>
    <ClInclude Include="include\jpeg\jinclude.h">
      <Filter>Header Files\jpeg</Filter>
    </ClInclude>
    <ClInclude Include="include\jpeg\jmemsys.h">
      <Filter>Header Files\jpeg</Filter>
    </ClInclude>
    <ClInclude Include="include\jpeg\jmorecfg.h">
      <Filter>Header Files\jpeg</Filter>
    </ClInclude>
    <ClInclude Include="include\jpeg\jpegcomp.h">
      <Filter>Header Files\jpeg</Filter>
    </ClInclude>
    <ClInclude Include="include\jpeg\jpegint.h">
      <Filter>Header Files\jpeg</Filter>
    </ClInclude>
    <ClInclude Include="include\jpeg\jpeglib.h">
      <Filter>Header Files\jpeg</Filter>
    </ClInclude>
    <ClInclude Include="include\jpeg\jsimd.h">
      <Filter>Header Files\jpeg</Filter>
    </ClInclude>
    <ClInclude Include="include\jpeg\jsimddct.h">
      <Filter>Header Files\jpeg</Filter>
    </ClInclude>
    <ClInclude Include="include\jpeg\jversion.h">
      <Filter>Header Files\jpeg</Filter>
    </ClInclude>
    <ClInclude Include="include\jpeg\tjutil.h">
      <Filter>Header Files\jpeg</Filter>
    </ClInclude>
    <ClInclude Include="include\jpeg\transupp.h">
      <Filter>Header Files\jpeg</Filter>
    </ClInclude>
    <ClInclude Include="include\jpeg\turbojpeg.h">
      <Filter>Header Files\jpeg</Filter>
    </ClInclude>
  </ItemGroup>
</Project>