<?xml version="1.0" encoding="utf-8"?>
<Project ToolsVersion="4.0" xmlns="http://schemas.microsoft.com/developer/msbuild/2003">
  <ItemGroup>
    <ClCompile Include="src\aes.cpp">
      <Filter>Source Files</Filter>
    </ClCompile>
    <ClCompile Include="src\aestables.cpp">
      <Filter>Source Files</Filter>
    </ClCompile>
    <ClCompile Include="src\algebra.cpp">
      <Filter>Source Files</Filter>
    </ClCompile>
    <ClCompile Include="src\arc4.cpp">
      <Filter>Source Files</Filter>
    </ClCompile>
    <ClCompile Include="src\asn.cpp">
      <Filter>Source Files</Filter>
    </ClCompile>
    <ClCompile Include="src\coding.cpp">
      <Filter>Source Files</Filter>
    </ClCompile>
    <ClCompile Include="src\des.cpp">
      <Filter>Source Files</Filter>
    </ClCompile>
    <ClCompile Include="src\dh.cpp">
      <Filter>Source Files</Filter>
    </ClCompile>
    <ClCompile Include="src\dsa.cpp">
      <Filter>Source Files</Filter>
    </ClCompile>
    <ClCompile Include="src\file.cpp">
      <Filter>Source Files</Filter>
    </ClCompile>
    <ClCompile Include="src\hash.cpp">
      <Filter>Source Files</Filter>
    </ClCompile>
    <ClCompile Include="src\integer.cpp">
      <Filter>Source Files</Filter>
    </ClCompile>
    <ClCompile Include="src\md2.cpp">
      <Filter>Source Files</Filter>
    </ClCompile>
    <ClCompile Include="src\md4.cpp">
      <Filter>Source Files</Filter>
    </ClCompile>
    <ClCompile Include="src\md5.cpp">
      <Filter>Source Files</Filter>
    </ClCompile>
    <ClCompile Include="src\misc.cpp">
      <Filter>Source Files</Filter>
    </ClCompile>
    <ClCompile Include="src\random.cpp">
      <Filter>Source Files</Filter>
    </ClCompile>
    <ClCompile Include="src\ripemd.cpp">
      <Filter>Source Files</Filter>
    </ClCompile>
    <ClCompile Include="src\rsa.cpp">
      <Filter>Source Files</Filter>
    </ClCompile>
    <ClCompile Include="src\sha.cpp">
      <Filter>Source Files</Filter>
    </ClCompile>
    <ClCompile Include="src\rabbit.cpp">
      <Filter>Source Files</Filter>
    </ClCompile>
    <ClCompile Include="src\hc128.cpp">
      <Filter>Source Files</Filter>
    </ClCompile>
  </ItemGroup>
  <ItemGroup>
    <ClInclude Include="include\aes.hpp">
      <Filter>Header Files</Filter>
    </ClInclude>
    <ClInclude Include="include\algebra.hpp">
      <Filter>Header Files</Filter>
    </ClInclude>
    <ClInclude Include="include\arc4.hpp">
      <Filter>Header Files</Filter>
    </ClInclude>
    <ClInclude Include="include\asn.hpp">
      <Filter>Header Files</Filter>
    </ClInclude>
    <ClInclude Include="include\block.hpp">
      <Filter>Header Files</Filter>
    </ClInclude>
    <ClInclude Include="include\coding.hpp">
      <Filter>Header Files</Filter>
    </ClInclude>
    <ClInclude Include="include\des.hpp">
      <Filter>Header Files</Filter>
    </ClInclude>
    <ClInclude Include="include\dh.hpp">
      <Filter>Header Files</Filter>
    </ClInclude>
    <ClInclude Include="include\dsa.hpp">
      <Filter>Header Files</Filter>
    </ClInclude>
    <ClInclude Include="include\error.hpp">
      <Filter>Header Files</Filter>
    </ClInclude>
    <ClInclude Include="include\file.hpp">
      <Filter>Header Files</Filter>
    </ClInclude>
    <ClInclude Include="include\hash.hpp">
      <Filter>Header Files</Filter>
    </ClInclude>
    <ClInclude Include="include\hmac.hpp">
      <Filter>Header Files</Filter>
    </ClInclude>
    <ClInclude Include="include\integer.hpp">
      <Filter>Header Files</Filter>
    </ClInclude>
    <ClInclude Include="include\md2.hpp">
      <Filter>Header Files</Filter>
    </ClInclude>
    <ClInclude Include="include\md5.hpp">
      <Filter>Header Files</Filter>
    </ClInclude>
    <ClInclude Include="include\misc.hpp">
      <Filter>Header Files</Filter>
    </ClInclude>
    <ClInclude Include="include\modarith.hpp">
      <Filter>Header Files</Filter>
    </ClInclude>
    <ClInclude Include="include\modes.hpp">
      <Filter>Header Files</Filter>
    </ClInclude>
    <ClInclude Include="include\random.hpp">
      <Filter>Header Files</Filter>
    </ClInclude>
    <ClInclude Include="include\ripemd.hpp">
      <Filter>Header Files</Filter>
    </ClInclude>
    <ClInclude Include="include\rsa.hpp">
      <Filter>Header Files</Filter>
    </ClInclude>
    <ClInclude Include="include\sha.hpp">
      <Filter>Header Files</Filter>
    </ClInclude>
    <ClInclude Include="include\rabbit.hpp">
      <Filter>Header Files</Filter>
    </ClInclude>
    <ClInclude Include="include\hc128.hpp">
      <Filter>Header Files</Filter>
    </ClInclude>
  </ItemGroup>
  <ItemGroup>
    <Filter Include="Source Files">
      <UniqueIdentifier>{1931EFAC-FDC6-44DE-983F-0B932CD5EF09}</UniqueIdentifier>
    </Filter>
    <Filter Include="Header Files">
      <UniqueIdentifier>{AE257502-8573-4D17-A0B4-82874A66C709}</UniqueIdentifier>
    </Filter>
    <Filter Include="Make files">
      <UniqueIdentifier>{05df3773-b62c-45ed-860e-a0e32a78cb7f}</UniqueIdentifier>
      <Extensions>*.mak</Extensions>
    </Filter>
  </ItemGroup>
  <ItemGroup>
    <None Include="Makefile" />
    <None Include="linuxdebug.mak">
      <Filter>Make files</Filter>
    </None>
    <None Include="linuxrelease.mak">
      <Filter>Make files</Filter>
    </None>
  </ItemGroup>
</Project>