<?xml version="1.0" encoding="utf-8"?>
<Project ToolsVersion="4.0" xmlns="http://schemas.microsoft.com/developer/msbuild/2003">
  <ItemGroup>
    <ClCompile Include="plugin_client.cc">
      <Filter>Source Files</Filter>
    </ClCompile>
    <ClCompile Include="handshake_client.cc">
      <Filter>Source Files</Filter>
    </ClCompile>
    <ClCompile Include="log_client.cc">
      <Filter>Source Files</Filter>
    </ClCompile>
    <ClCompile Include="common.cc">
      <Filter>Source Files</Filter>
    </ClCompile>
    <ClCompile Include="handshake.cc">
      <Filter>Source Files</Filter>
    </ClCompile>
  </ItemGroup>
  <ItemGroup>
    <ClInclude Include="common.h">
      <Filter>Headers</Filter>
    </ClInclude>
    <ClInclude Include="handshake.h">
      <Filter>Headers</Filter>
    </ClInclude>
  </ItemGroup>
  <ItemGroup>
    <Filter Include="Source Files">
      <UniqueIdentifier>{1931EFAC-FDC6-44DE-983F-0B932CD5EF09}</UniqueIdentifier>
    </Filter>
    <Filter Include="Headers">
      <UniqueIdentifier>{18A18DAD-0307-46F8-8694-5654CCB77E8F}</UniqueIdentifier>
    </Filter>
  </ItemGroup>
</Project>