<?xml version="1.0" encoding="utf-8"?>
<Project ToolsVersion="4.0" xmlns="http://schemas.microsoft.com/developer/msbuild/2003">
  <ItemGroup>
    <ClCompile Include="bchange.c">
      <Filter>Source Files</Filter>
    </ClCompile>
    <ClCompile Include="ctype-big5.c">
      <Filter>Source Files</Filter>
    </ClCompile>
    <ClCompile Include="ctype-bin.c">
      <Filter>Source Files</Filter>
    </ClCompile>
    <ClCompile Include="ctype-cp932.c">
      <Filter>Source Files</Filter>
    </ClCompile>
    <ClCompile Include="ctype-czech.c">
      <Filter>Source Files</Filter>
    </ClCompile>
    <ClCompile Include="ctype-euc_kr.c">
      <Filter>Source Files</Filter>
    </ClCompile>
    <ClCompile Include="ctype-eucjpms.c">
      <Filter>Source Files</Filter>
    </ClCompile>
    <ClCompile Include="ctype-extra.c">
      <Filter>Source Files</Filter>
    </ClCompile>
    <ClCompile Include="ctype-gb2312.c">
      <Filter>Source Files</Filter>
    </ClCompile>
    <ClCompile Include="ctype-gbk.c">
      <Filter>Source Files</Filter>
    </ClCompile>
    <ClCompile Include="ctype-latin1.c">
      <Filter>Source Files</Filter>
    </ClCompile>
    <ClCompile Include="ctype-mb.c">
      <Filter>Source Files</Filter>
    </ClCompile>
    <ClCompile Include="ctype-simple.c">
      <Filter>Source Files</Filter>
    </ClCompile>
    <ClCompile Include="ctype-sjis.c">
      <Filter>Source Files</Filter>
    </ClCompile>
    <ClCompile Include="ctype-tis620.c">
      <Filter>Source Files</Filter>
    </ClCompile>
    <ClCompile Include="ctype-uca.c">
      <Filter>Source Files</Filter>
    </ClCompile>
    <ClCompile Include="ctype-ucs2.c">
      <Filter>Source Files</Filter>
    </ClCompile>
    <ClCompile Include="ctype-ujis.c">
      <Filter>Source Files</Filter>
    </ClCompile>
    <ClCompile Include="ctype-utf8.c">
      <Filter>Source Files</Filter>
    </ClCompile>
    <ClCompile Include="ctype-win1250ch.c">
      <Filter>Source Files</Filter>
    </ClCompile>
    <ClCompile Include="ctype.c">
      <Filter>Source Files</Filter>
    </ClCompile>
    <ClCompile Include="decimal.c">
      <Filter>Source Files</Filter>
    </ClCompile>
    <ClCompile Include="dtoa.c">
      <Filter>Source Files</Filter>
    </ClCompile>
    <ClCompile Include="int2str.c">
      <Filter>Source Files</Filter>
    </ClCompile>
    <ClCompile Include="is_prefix.c">
      <Filter>Source Files</Filter>
    </ClCompile>
    <ClCompile Include="llstr.c">
      <Filter>Source Files</Filter>
    </ClCompile>
    <ClCompile Include="longlong2str.c">
      <Filter>Source Files</Filter>
    </ClCompile>
    <ClCompile Include="my_strtoll10.c">
      <Filter>Source Files</Filter>
    </ClCompile>
    <ClCompile Include="my_vsnprintf.c">
      <Filter>Source Files</Filter>
    </ClCompile>
    <ClCompile Include="str2int.c">
      <Filter>Source Files</Filter>
    </ClCompile>
    <ClCompile Include="str_alloc.c">
      <Filter>Source Files</Filter>
    </ClCompile>
    <ClCompile Include="strcend.c">
      <Filter>Source Files</Filter>
    </ClCompile>
    <ClCompile Include="strend.c">
      <Filter>Source Files</Filter>
    </ClCompile>
    <ClCompile Include="strfill.c">
      <Filter>Source Files</Filter>
    </ClCompile>
    <ClCompile Include="strmake.c">
      <Filter>Source Files</Filter>
    </ClCompile>
    <ClCompile Include="strmov.c">
      <Filter>Source Files</Filter>
    </ClCompile>
    <ClCompile Include="strnmov.c">
      <Filter>Source Files</Filter>
    </ClCompile>
    <ClCompile Include="strxmov.c">
      <Filter>Source Files</Filter>
    </ClCompile>
    <ClCompile Include="strxnmov.c">
      <Filter>Source Files</Filter>
    </ClCompile>
    <ClCompile Include="xml.c">
      <Filter>Source Files</Filter>
    </ClCompile>
    <ClCompile Include="my_strchr.c">
      <Filter>Source Files</Filter>
    </ClCompile>
    <ClCompile Include="strcont.c">
      <Filter>Source Files</Filter>
    </ClCompile>
    <ClCompile Include="strappend.c">
      <Filter>Source Files</Filter>
    </ClCompile>
  </ItemGroup>
  <ItemGroup>
    <Filter Include="Source Files">
      <UniqueIdentifier>{1931EFAC-FDC6-44DE-983F-0B932CD5EF09}</UniqueIdentifier>
    </Filter>
    <Filter Include="Make files">
      <UniqueIdentifier>{aa544403-159d-4482-b58f-3945d472d7b8}</UniqueIdentifier>
      <Extensions>*.mak</Extensions>
    </Filter>
  </ItemGroup>
  <ItemGroup>
    <None Include="Makefile" />
    <None Include="linuxdebug.mak">
      <Filter>Make files</Filter>
    </None>
    <None Include="linuxrelease.mak">
      <Filter>Make files</Filter>
    </None>
  </ItemGroup>
</Project>