<?xml version="1.0" encoding="utf-8"?>
<Project ToolsVersion="4.0" xmlns="http://schemas.microsoft.com/developer/msbuild/2003">
  <ItemGroup>
    <Filter Include="Source Files">
      <UniqueIdentifier>{4FC737F1-C7A5-4376-A066-2A32D752A2FF}</UniqueIdentifier>
      <Extensions>cpp;c;cc;cxx;def;odl;idl;hpj;bat;asm;asmx</Extensions>
    </Filter>
    <Filter Include="Header Files">
      <UniqueIdentifier>{93995380-89BD-4b04-88EB-625FBE52EBFB}</UniqueIdentifier>
      <Extensions>h;hpp;hxx;hm;inl;inc;xsd</Extensions>
    </Filter>
    <Filter Include="Resource Files">
      <UniqueIdentifier>{67DA6AB6-F800-4c08-8B7A-83BB121AAD01}</UniqueIdentifier>
      <Extensions>rc;ico;cur;bmp;dlg;rc2;rct;bin;rgs;gif;jpg;jpeg;jpe;resx;tiff;tif;png;wav;mfcribbon-ms</Extensions>
    </Filter>
    <Filter Include="Make files">
      <UniqueIdentifier>{9cbbd262-1a28-4455-9c17-5f9ff7d941a4}</UniqueIdentifier>
      <Extensions>*.mak</Extensions>
    </Filter>
  </ItemGroup>
  <ItemGroup>
    <ClCompile Include="modules\core\src\stl.cpp">
      <Filter>Source Files</Filter>
    </ClCompile>
    <ClCompile Include="modules\core\src\system.cpp">
      <Filter>Source Files</Filter>
    </ClCompile>
    <ClCompile Include="modules\core\src\alloc.cpp">
      <Filter>Source Files</Filter>
    </ClCompile>
    <ClCompile Include="modules\core\src\matrix.cpp">
      <Filter>Source Files</Filter>
    </ClCompile>
    <ClCompile Include="modules\core\src\dxt.cpp">
      <Filter>Source Files</Filter>
    </ClCompile>
    <ClCompile Include="modules\core\src\algorithm.cpp">
      <Filter>Source Files</Filter>
    </ClCompile>
    <ClCompile Include="modules\core\src\arithm.cpp">
      <Filter>Source Files</Filter>
    </ClCompile>
    <ClCompile Include="modules\core\src\array.cpp">
      <Filter>Source Files</Filter>
    </ClCompile>
    <ClCompile Include="modules\core\src\convert.cpp">
      <Filter>Source Files</Filter>
    </ClCompile>
    <ClCompile Include="modules\core\src\copy.cpp">
      <Filter>Source Files</Filter>
    </ClCompile>
    <ClCompile Include="modules\core\src\datastructs.cpp">
      <Filter>Source Files</Filter>
    </ClCompile>
    <ClCompile Include="modules\core\src\drawing.cpp">
      <Filter>Source Files</Filter>
    </ClCompile>
    <ClCompile Include="modules\core\src\gl_core_3_1.cpp">
      <Filter>Source Files</Filter>
    </ClCompile>
    <ClCompile Include="modules\core\src\matop.cpp">
      <Filter>Source Files</Filter>
    </ClCompile>
    <ClCompile Include="modules\core\src\glob.cpp">
      <Filter>Source Files</Filter>
    </ClCompile>
    <ClCompile Include="modules\core\src\gpu_cuda_mem.cpp">
      <Filter>Source Files</Filter>
    </ClCompile>
    <ClCompile Include="modules\core\src\gpu_info.cpp">
      <Filter>Source Files</Filter>
    </ClCompile>
    <ClCompile Include="modules\core\src\gpu_mat.cpp">
      <Filter>Source Files</Filter>
    </ClCompile>
    <ClCompile Include="modules\core\src\gpu_stream.cpp">
      <Filter>Source Files</Filter>
    </ClCompile>
    <ClCompile Include="modules\core\src\lapack.cpp">
      <Filter>Source Files</Filter>
    </ClCompile>
    <ClCompile Include="modules\core\src\mathfuncs.cpp">
      <Filter>Source Files</Filter>
    </ClCompile>
    <ClCompile Include="modules\core\src\matmul.cpp">
      <Filter>Source Files</Filter>
    </ClCompile>
    <ClCompile Include="modules\core\src\persistence.cpp">
      <Filter>Source Files</Filter>
    </ClCompile>
    <ClCompile Include="modules\core\src\opengl.cpp">
      <Filter>Source Files</Filter>
    </ClCompile>
    <ClCompile Include="modules\core\src\out.cpp">
      <Filter>Source Files</Filter>
    </ClCompile>
    <ClCompile Include="modules\core\src\parallel.cpp">
      <Filter>Source Files</Filter>
    </ClCompile>
    <ClCompile Include="modules\core\src\stat.cpp">
      <Filter>Source Files</Filter>
    </ClCompile>
    <ClCompile Include="modules\core\src\tables.cpp">
      <Filter>Source Files</Filter>
    </ClCompile>
    <ClCompile Include="modules\core\src\types.cpp">
      <Filter>Source Files</Filter>
    </ClCompile>
    <ClCompile Include="modules\core\src\rand.cpp">
      <Filter>Source Files</Filter>
    </ClCompile>
    <ClCompile Include="modules\imgproc\src\imgwarp.cpp">
      <Filter>Source Files</Filter>
    </ClCompile>
  </ItemGroup>
  <ItemGroup>
    <None Include="Makefile" />
    <None Include="linuxdebug.mak">
      <Filter>Make files</Filter>
    </None>
    <None Include="linuxrelease.mak">
      <Filter>Make files</Filter>
    </None>
  </ItemGroup>
</Project>